
Microsoft Visual Studio Solution File, Format Version 12.00
# Visual Studio 15
VisualStudioVersion = 15.0.28010.2046
MinimumVisualStudioVersion = 10.0.40219.1
Project("{FAE04EC0-301F-11D3-BF4B-00C04F79EFBC}") = "Knit", "src\Knit\Knit.csproj", "{5766E367-3632-40A2-8E76-6A70FE6E7F61}"
EndProject
Global
	GlobalSection(SolutionConfigurationPlatforms) = preSolution
		Debug|Any CPU = Debug|Any CPU
		Release|Any CPU = Release|Any CPU
	EndGlobalSection
	GlobalSection(ProjectConfigurationPlatforms) = postSolution
		{5766E367-3632-40A2-8E76-6A70FE6E7F61}.Debug|Any CPU.ActiveCfg = Debug|Any CPU
		{5766E367-3632-40A2-8E76-6A70FE6E7F61}.Debug|Any CPU.Build.0 = Debug|Any CPU
		{5766E367-3632-40A2-8E76-6A70FE6E7F61}.Release|Any CPU.ActiveCfg = Release|Any CPU
		{5766E367-3632-40A2-8E76-6A70FE6E7F61}.Release|Any CPU.Build.0 = Release|Any CPU
	EndGlobalSection
	GlobalSection(SolutionProperties) = preSolution
		HideSolutionNode = FALSE
	EndGlobalSection
	GlobalSection(ExtensibilityGlobals) = postSolution
		SolutionGuid = {FAB0B71C-6A49-4B98-82B8-6AE206A01626}
	EndGlobalSection
EndGlobal
