
Microsoft Visual Studio Solution File, Format Version 12.00
# Visual Studio 15
VisualStudioVersion = 15.0.26430.14
MinimumVisualStudioVersion = 10.0.40219.1
Project("{FAE04EC0-301F-11D3-BF4B-00C04F79EFBC}") = "Kuriimu", "src\Kuriimu\Kuriimu.csproj", "{7C89FFAF-B638-4577-A1FC-9A783D242428}"
	ProjectSection(ProjectDependencies) = postProject
		{243CFA03-BB36-421B-9E64-F446C8D6E5B0} = {243CFA03-BB36-421B-9E64-F446C8D6E5B0}
		{9E049004-1352-43F3-BE38-BBC2EB83136F} = {9E049004-1352-43F3-BE38-BBC2EB83136F}
		{2E4BC70E-67FF-4728-9799-A4840E617FFA} = {2E4BC70E-67FF-4728-9799-A4840E617FFA}
		{17DE9B14-4ABD-4CF9-9FFE-17F5D6E1A3FD} = {17DE9B14-4ABD-4CF9-9FFE-17F5D6E1A3FD}
		{D922A319-1E44-4FBA-9509-518F96C7B481} = {D922A319-1E44-4FBA-9509-518F96C7B481}
		{CA68B722-81D8-4BC8-8BE0-D49BFFAEB08E} = {CA68B722-81D8-4BC8-8BE0-D49BFFAEB08E}
		{7BCDB228-23F6-4F4F-AD74-106F771BF1D4} = {7BCDB228-23F6-4F4F-AD74-106F771BF1D4}
		{9002E338-6029-43C0-99A7-2241E32B5102} = {9002E338-6029-43C0-99A7-2241E32B5102}
		{9D6ACB4C-721B-4EB6-9A6C-2A9B9F9E1FD8} = {9D6ACB4C-721B-4EB6-9A6C-2A9B9F9E1FD8}
		{E14CC95B-2D0D-4FB5-BE4C-1F717FB59FE6} = {E14CC95B-2D0D-4FB5-BE4C-1F717FB59FE6}
		{7FF82162-F86F-411B-98C8-F646BB09A172} = {7FF82162-F86F-411B-98C8-F646BB09A172}
		{40EA3463-4A08-4E2C-938F-5025E87D6CB6} = {40EA3463-4A08-4E2C-938F-5025E87D6CB6}
		{9665286A-F74F-4180-A73C-F427FDF29B2E} = {9665286A-F74F-4180-A73C-F427FDF29B2E}
		{D1A02778-ADD3-41CF-B2E4-BA6AA9FACE70} = {D1A02778-ADD3-41CF-B2E4-BA6AA9FACE70}
		{AF05447B-3CF5-4473-983B-7908F96C7128} = {AF05447B-3CF5-4473-983B-7908F96C7128}
		{98C3517B-2105-430B-90F6-E85D3AC22817} = {98C3517B-2105-430B-90F6-E85D3AC22817}
		{76791481-35E8-41C0-A01C-F0FC66416A20} = {76791481-35E8-41C0-A01C-F0FC66416A20}
		{9913FA89-71FC-486A-9B81-43289AA70A55} = {9913FA89-71FC-486A-9B81-43289AA70A55}
		{D15ADF8E-01E7-4978-8DC2-416A28333803} = {D15ADF8E-01E7-4978-8DC2-416A28333803}
		{AD9C4794-3129-436A-9828-6D83B062B484} = {AD9C4794-3129-436A-9828-6D83B062B484}
		{3E3B6B95-B073-44B9-BF3A-54A7FE172A50} = {3E3B6B95-B073-44B9-BF3A-54A7FE172A50}
		{8B851D96-DA5D-48E4-9791-F15EB36E7142} = {8B851D96-DA5D-48E4-9791-F15EB36E7142}
		{AD39D297-4420-4044-ACB4-21B22076B213} = {AD39D297-4420-4044-ACB4-21B22076B213}
		{027E1B9D-FB92-41CD-8595-B10064EEAA77} = {027E1B9D-FB92-41CD-8595-B10064EEAA77}
		{12CD0EA7-C30F-4C90-ADB6-DDA567438B8B} = {12CD0EA7-C30F-4C90-ADB6-DDA567438B8B}
		{DF200FAA-0808-44AF-B2D6-66DCB041151E} = {DF200FAA-0808-44AF-B2D6-66DCB041151E}
		{A19343AD-292B-4951-94B4-63A329CBD21B} = {A19343AD-292B-4951-94B4-63A329CBD21B}
		{948C73AD-D8E8-4A5E-86C9-2D239B74CCE7} = {948C73AD-D8E8-4A5E-86C9-2D239B74CCE7}
		{9A0C08B2-C1FF-4DE5-B9BB-7267D8FA0EE6} = {9A0C08B2-C1FF-4DE5-B9BB-7267D8FA0EE6}
		{AB9319BD-D0CD-4991-BE29-30733230601F} = {AB9319BD-D0CD-4991-BE29-30733230601F}
		{CC01BCBF-871A-48AC-9AA9-19507940CFF3} = {CC01BCBF-871A-48AC-9AA9-19507940CFF3}
		{FBED47D0-6A0B-4668-9F10-22E86519CA2D} = {FBED47D0-6A0B-4668-9F10-22E86519CA2D}
		{05E492D3-00B6-475A-BC9E-A22237864C52} = {05E492D3-00B6-475A-BC9E-A22237864C52}
		{B5B621DD-4445-4CBF-95FB-1C3D16A97611} = {B5B621DD-4445-4CBF-95FB-1C3D16A97611}
		{378B20F3-C3B2-4594-96A6-2360AB950D95} = {378B20F3-C3B2-4594-96A6-2360AB950D95}
		{E51106FF-3D0B-499F-B9CA-A3A44F37FC13} = {E51106FF-3D0B-499F-B9CA-A3A44F37FC13}
	EndProjectSection
EndProject
Project("{FAE04EC0-301F-11D3-BF4B-00C04F79EFBC}") = "Kontract", "src\Kontract\Kontract.csproj", "{51E474F7-1497-4C30-BC18-C357C884B8B2}"
EndProject
Project("{FAE04EC0-301F-11D3-BF4B-00C04F79EFBC}") = "text_kup", "src\text\text_kup\text_kup.csproj", "{9D6ACB4C-721B-4EB6-9A6C-2A9B9F9E1FD8}"
EndProject
Project("{FAE04EC0-301F-11D3-BF4B-00C04F79EFBC}") = "text_msbt", "src\text\text_msbt\text_msbt.csproj", "{AF05447B-3CF5-4473-983B-7908F96C7128}"
EndProject
Project("{FAE04EC0-301F-11D3-BF4B-00C04F79EFBC}") = "text_gmml", "src\text\text_gmml\text_gmml.csproj", "{9665286A-F74F-4180-A73C-F427FDF29B2E}"
EndProject
Project("{FAE04EC0-301F-11D3-BF4B-00C04F79EFBC}") = "text_gmd", "src\text\text_gmd\text_gmd.csproj", "{E51106FF-3D0B-499F-B9CA-A3A44F37FC13}"
EndProject
Project("{FAE04EC0-301F-11D3-BF4B-00C04F79EFBC}") = "text_jmsg", "src\text\text_jmsg\text_jmsg.csproj", "{AD39D297-4420-4044-ACB4-21B22076B213}"
EndProject
Project("{FAE04EC0-301F-11D3-BF4B-00C04F79EFBC}") = "text_btxt", "src\text\text_btxt\text_btxt.csproj", "{243CFA03-BB36-421B-9E64-F446C8D6E5B0}"
EndProject
Project("{FAE04EC0-301F-11D3-BF4B-00C04F79EFBC}") = "ext_director", "src\ext\ext_director\ext_director.csproj", "{12CD0EA7-C30F-4C90-ADB6-DDA567438B8B}"
EndProject
Project("{FAE04EC0-301F-11D3-BF4B-00C04F79EFBC}") = "ext_fenceposts", "src\ext\ext_fenceposts\ext_fenceposts.csproj", "{40EA3463-4A08-4E2C-938F-5025E87D6CB6}"
EndProject
Project("{FAE04EC0-301F-11D3-BF4B-00C04F79EFBC}") = "game_rocket_slime_3ds", "src\game\game_rocket_slime_3ds\game_rocket_slime_3ds.csproj", "{76791481-35E8-41C0-A01C-F0FC66416A20}"
EndProject
Project("{FAE04EC0-301F-11D3-BF4B-00C04F79EFBC}") = "game_great_detective_pikachu", "src\game\game_great_detective_pikachu\game_great_detective_pikachu.csproj", "{05E492D3-00B6-475A-BC9E-A22237864C52}"
EndProject
Project("{FAE04EC0-301F-11D3-BF4B-00C04F79EFBC}") = "runext", "src\runext\runext.csproj", "{22CBC179-CCE1-4C27-AA9D-DC69D9588101}"
	ProjectSection(ProjectDependencies) = postProject
		{51E474F7-1497-4C30-BC18-C357C884B8B2} = {51E474F7-1497-4C30-BC18-C357C884B8B2}
	EndProjectSection
EndProject
Project("{FAE04EC0-301F-11D3-BF4B-00C04F79EFBC}") = "game_maple_story_3ds", "src\game\game_maple_story_3ds\game_maple_story_3ds.csproj", "{8B851D96-DA5D-48E4-9791-F15EB36E7142}"
EndProject
Project("{FAE04EC0-301F-11D3-BF4B-00C04F79EFBC}") = "Kukkii", "src\Kukkii\Kukkii.csproj", "{DDF760B7-1273-4048-A052-4E396245937B}"
	ProjectSection(ProjectDependencies) = postProject
		{269D0F0D-AE95-447B-8403-41F28D8DE00C} = {269D0F0D-AE95-447B-8403-41F28D8DE00C}
		{5B63CE12-FFC3-497F-94E3-3792CE6EB2A1} = {5B63CE12-FFC3-497F-94E3-3792CE6EB2A1}
		{E789F312-B629-40DC-9058-26FAE5F277E1} = {E789F312-B629-40DC-9058-26FAE5F277E1}
		{48651C2C-D0A4-4E38-8512-977181B5CAC9} = {48651C2C-D0A4-4E38-8512-977181B5CAC9}
		{6DD11D33-6CD9-4445-8C36-68B8D63BA6DA} = {6DD11D33-6CD9-4445-8C36-68B8D63BA6DA}
		{22B0F441-5CF7-44CB-BA4F-0F1A25592614} = {22B0F441-5CF7-44CB-BA4F-0F1A25592614}
		{C741AB50-669D-406F-9D27-B5EF5BDD1294} = {C741AB50-669D-406F-9D27-B5EF5BDD1294}
		{482A2B54-F27D-4095-8D91-16B9C03C3403} = {482A2B54-F27D-4095-8D91-16B9C03C3403}
		{BEAD1066-94FC-42FE-B9B3-F1DD707A4A78} = {BEAD1066-94FC-42FE-B9B3-F1DD707A4A78}
		{0E3A2374-2845-44B8-9F09-8FE583A7CEDE} = {0E3A2374-2845-44B8-9F09-8FE583A7CEDE}
		{1C9D7F75-2E04-441E-83D4-00A406809E09} = {1C9D7F75-2E04-441E-83D4-00A406809E09}
		{7F679E7F-EA49-4EB9-8D6C-16DD131CB3AA} = {7F679E7F-EA49-4EB9-8D6C-16DD131CB3AA}
		{E8ACB882-C7BF-4B60-8E74-C56F6C56818F} = {E8ACB882-C7BF-4B60-8E74-C56F6C56818F}
		{41DBAF83-DC24-4C5E-B43B-C38895D49AA9} = {41DBAF83-DC24-4C5E-B43B-C38895D49AA9}
		{AD9C4794-3129-436A-9828-6D83B062B484} = {AD9C4794-3129-436A-9828-6D83B062B484}
		{9E078594-73AE-4EC1-ABA2-BF8F338FCCD4} = {9E078594-73AE-4EC1-ABA2-BF8F338FCCD4}
		{515D26A0-26DD-49DE-A66D-BF4CAD0029E8} = {515D26A0-26DD-49DE-A66D-BF4CAD0029E8}
		{948C73AD-D8E8-4A5E-86C9-2D239B74CCE7} = {948C73AD-D8E8-4A5E-86C9-2D239B74CCE7}
		{EEF5ACB8-AA2F-4C4F-AFBD-24916B85665E} = {EEF5ACB8-AA2F-4C4F-AFBD-24916B85665E}
		{77A182C0-4E86-469D-986E-9FAFAABCD26E} = {77A182C0-4E86-469D-986E-9FAFAABCD26E}
		{7BD215C6-F817-4C65-B1FA-1587515ADA97} = {7BD215C6-F817-4C65-B1FA-1587515ADA97}
	EndProjectSection
EndProject
Project("{FAE04EC0-301F-11D3-BF4B-00C04F79EFBC}") = "game_daigasso_band_brothers_p", "src\game\game_daigasso_band_brothers_p\game_daigasso_band_brothers_p.csproj", "{D1A02778-ADD3-41CF-B2E4-BA6AA9FACE70}"
EndProject
Project("{FAE04EC0-301F-11D3-BF4B-00C04F79EFBC}") = "game_time_travelers", "src\game\game_time_travelers\game_time_travelers.csproj", "{9913FA89-71FC-486A-9B81-43289AA70A55}"
EndProject
Project("{FAE04EC0-301F-11D3-BF4B-00C04F79EFBC}") = "text_ttbin", "src\text\text_tt_bin\text_ttbin.csproj", "{3E3B6B95-B073-44B9-BF3A-54A7FE172A50}"
EndProject
Project("{FAE04EC0-301F-11D3-BF4B-00C04F79EFBC}") = "image_jtex", "src\image\image_jtex\image_jtex.csproj", "{515D26A0-26DD-49DE-A66D-BF4CAD0029E8}"
EndProject
Project("{FAE04EC0-301F-11D3-BF4B-00C04F79EFBC}") = "game_zelda_a_link_between_worlds", "src\game\game_zelda_a_link_between_worlds\game_zelda_a_link_between_worlds.csproj", "{9002E338-6029-43C0-99A7-2241E32B5102}"
EndProject
Project("{FAE04EC0-301F-11D3-BF4B-00C04F79EFBC}") = "game_miitopia_3ds", "src\game\game_miitopia_3ds\game_miitopia_3ds.csproj", "{E14CC95B-2D0D-4FB5-BE4C-1F717FB59FE6}"
EndProject
Project("{FAE04EC0-301F-11D3-BF4B-00C04F79EFBC}") = "Karameru", "src\Karameru\Karameru.csproj", "{F069B9AB-356C-4ED6-AF84-2EAB83B5D55F}"
	ProjectSection(ProjectDependencies) = postProject
		{CC8A0019-9C06-409B-BD66-0E1D2DF9E3C6} = {CC8A0019-9C06-409B-BD66-0E1D2DF9E3C6}
		{EFDC3079-B1ED-493D-B9DC-55658A84B1A4} = {EFDC3079-B1ED-493D-B9DC-55658A84B1A4}
		{AD9C4794-3129-436A-9828-6D83B062B484} = {AD9C4794-3129-436A-9828-6D83B062B484}
		{948C73AD-D8E8-4A5E-86C9-2D239B74CCE7} = {948C73AD-D8E8-4A5E-86C9-2D239B74CCE7}
		{95F859B9-118C-4F39-AA04-76901412413E} = {95F859B9-118C-4F39-AA04-76901412413E}
	EndProjectSection
EndProject
Project("{FAE04EC0-301F-11D3-BF4B-00C04F79EFBC}") = "archive_dpk", "src\archive\archive_dpk\archive_dpk.csproj", "{1BFF38F5-1848-45B1-B84D-1270A25B7675}"
EndProject
Project("{FAE04EC0-301F-11D3-BF4B-00C04F79EFBC}") = "text_tdt", "src\text\text_tdt\text_tdt.csproj", "{7FF82162-F86F-411B-98C8-F646BB09A172}"
EndProject
Project("{FAE04EC0-301F-11D3-BF4B-00C04F79EFBC}") = "game_theatrythm_final_fantasy", "src\game\game_theatrythm_final_fantasy\game_theatrythm_final_fantasy.csproj", "{98C3517B-2105-430B-90F6-E85D3AC22817}"
EndProject
Project("{FAE04EC0-301F-11D3-BF4B-00C04F79EFBC}") = "text_mdt", "src\text\text_mdt\text_mdt.csproj", "{DF200FAA-0808-44AF-B2D6-66DCB041151E}"
EndProject
Project("{FAE04EC0-301F-11D3-BF4B-00C04F79EFBC}") = "Cetera", "src\Cetera\Cetera.csproj", "{948C73AD-D8E8-4A5E-86C9-2D239B74CCE7}"
EndProject
Project("{FAE04EC0-301F-11D3-BF4B-00C04F79EFBC}") = "archive_hpi_hpb", "src\archive\archive_hpi_hpb\archive_hpi_hpb.csproj", "{30BE912F-6874-4F11-9094-EF9CF098D16A}"
EndProject
Project("{2150E333-8FDC-42A3-9474-1A3956D46DE8}") = "archive", "archive", "{793D1110-C4FD-41A5-9124-6138A5C0B8A7}"
EndProject
Project("{2150E333-8FDC-42A3-9474-1A3956D46DE8}") = "text", "text", "{B509D23F-0D4E-42F9-87F5-50CF5E982A75}"
EndProject
Project("{2150E333-8FDC-42A3-9474-1A3956D46DE8}") = "game", "game", "{E9A3E23A-FF49-4F03-B801-36CDA9CCCF9C}"
EndProject
Project("{2150E333-8FDC-42A3-9474-1A3956D46DE8}") = "image", "image", "{FA7A6EB6-4E0C-4E59-B024-6E8E94A2117C}"
EndProject
Project("{2150E333-8FDC-42A3-9474-1A3956D46DE8}") = "ext", "ext", "{C718F48B-AB0B-4E32-A531-97F6FEE599DE}"
EndProject
Project("{FAE04EC0-301F-11D3-BF4B-00C04F79EFBC}") = "image_stex", "src\image\image_stex\image_stex.csproj", "{6DD11D33-6CD9-4445-8C36-68B8D63BA6DA}"
EndProject
Project("{FAE04EC0-301F-11D3-BF4B-00C04F79EFBC}") = "image_tmx", "src\image\image_tmx\image_tmx.csproj", "{7F679E7F-EA49-4EB9-8D6C-16DD131CB3AA}"
EndProject
Project("{FAE04EC0-301F-11D3-BF4B-00C04F79EFBC}") = "text_mbm", "src\text\text_mbm\text_mbm.csproj", "{A19343AD-292B-4951-94B4-63A329CBD21B}"
EndProject
Project("{FAE04EC0-301F-11D3-BF4B-00C04F79EFBC}") = "game_etrian_odyssey_v", "src\game\game_etrian_odyssey_v\game_etrian_odyssey_v.csproj", "{2E4BC70E-67FF-4728-9799-A4840E617FFA}"
EndProject
Project("{FAE04EC0-301F-11D3-BF4B-00C04F79EFBC}") = "image_ctxb", "src\image\image_ctxb\image_ctxb.csproj", "{C741AB50-669D-406F-9D27-B5EF5BDD1294}"
EndProject
Project("{FAE04EC0-301F-11D3-BF4B-00C04F79EFBC}") = "KuriimuTests", "src\KuriimuTests\KuriimuTests.csproj", "{0105C7BE-5D1C-446A-B121-E84C9F659DAB}"
EndProject
Project("{FAE04EC0-301F-11D3-BF4B-00C04F79EFBC}") = "archive_999", "src\archive\archive_999\archive_999.csproj", "{D88E4112-20CE-4C8D-9998-300BC7C01573}"
EndProject
Project("{FAE04EC0-301F-11D3-BF4B-00C04F79EFBC}") = "archive_afs", "src\archive\archive_afs\archive_afs.csproj", "{60A8FA6B-7829-45CE-8E0D-4999D1621B89}"
EndProject
Project("{FAE04EC0-301F-11D3-BF4B-00C04F79EFBC}") = "image_tm2", "src\image\image_tm2\image_tm2.csproj", "{482A2B54-F27D-4095-8D91-16B9C03C3403}"
EndProject
Project("{FAE04EC0-301F-11D3-BF4B-00C04F79EFBC}") = "text_bmd", "src\text\text_bmd\text_bmd.csproj", "{CC01BCBF-871A-48AC-9AA9-19507940CFF3}"
EndProject
Project("{FAE04EC0-301F-11D3-BF4B-00C04F79EFBC}") = "image_f3xt", "src\image\image_f3xt\image_f3xt.csproj", "{269D0F0D-AE95-447B-8403-41F28D8DE00C}"
EndProject
Project("{FAE04EC0-301F-11D3-BF4B-00C04F79EFBC}") = "text_srtz", "src\text\text_srtz\text_srtz.csproj", "{9A0C08B2-C1FF-4DE5-B9BB-7267D8FA0EE6}"
EndProject
Project("{FAE04EC0-301F-11D3-BF4B-00C04F79EFBC}") = "archive_srtz", "src\archive\archive_srtz\archive_srtz.csproj", "{665782EB-3D6E-4426-B052-5048334D31C0}"
EndProject
Project("{FAE04EC0-301F-11D3-BF4B-00C04F79EFBC}") = "image_tim2", "src\image\image_tim2\image_tim2.csproj", "{22B0F441-5CF7-44CB-BA4F-0F1A25592614}"
EndProject
Project("{FAE04EC0-301F-11D3-BF4B-00C04F79EFBC}") = "archive_xbb", "src\archive\archive_xbb\archive_xbb.csproj", "{D133A149-3196-4F2C-8B04-A943611F650A}"
EndProject
Project("{FAE04EC0-301F-11D3-BF4B-00C04F79EFBC}") = "archive_nintendo", "src\archive\archive_nintendo\archive_nintendo.csproj", "{EFDC3079-B1ED-493D-B9DC-55658A84B1A4}"
EndProject
Project("{FAE04EC0-301F-11D3-BF4B-00C04F79EFBC}") = "archive_level5", "src\archive\archive_level5\archive_level5.csproj", "{95F859B9-118C-4F39-AA04-76901412413E}"
EndProject
Project("{FAE04EC0-301F-11D3-BF4B-00C04F79EFBC}") = "image_nintendo", "src\image\image_nintendo\image_nintendo.csproj", "{77A182C0-4E86-469D-986E-9FAFAABCD26E}"
EndProject
Project("{FAE04EC0-301F-11D3-BF4B-00C04F79EFBC}") = "image_level5", "src\image\image_level5\image_level5.csproj", "{1C9D7F75-2E04-441E-83D4-00A406809E09}"
EndProject
Project("{FAE04EC0-301F-11D3-BF4B-00C04F79EFBC}") = "game_shin_megami_tensei_iv", "src\game\game_shin_megami_tensei_iv\game_shin_megami_tensei_iv.csproj", "{FBED47D0-6A0B-4668-9F10-22E86519CA2D}"
EndProject
Project("{FAE04EC0-301F-11D3-BF4B-00C04F79EFBC}") = "archive_fnt", "src\archive\archive_fnt\archive_fnt.csproj", "{FDD173FC-2234-4812-90D4-AAD6AB8E20AE}"
EndProject
Project("{FAE04EC0-301F-11D3-BF4B-00C04F79EFBC}") = "text_td3", "src\text\text_td3\text_td3.csproj", "{17DE9B14-4ABD-4CF9-9FFE-17F5D6E1A3FD}"
EndProject
Project("{FAE04EC0-301F-11D3-BF4B-00C04F79EFBC}") = "archive_ara", "src\archive\archive_ara\archive_ara.csproj", "{CAC0CCE5-37DE-4A5D-A645-0F5395B22188}"
EndProject
Project("{FAE04EC0-301F-11D3-BF4B-00C04F79EFBC}") = "archive_ddt_img", "src\archive\archive_ddt_img\archive_ddt_img.csproj", "{7E0E6B1D-36D4-47C1-B7B6-447E31AF81A6}"
EndProject
Project("{FAE04EC0-301F-11D3-BF4B-00C04F79EFBC}") = "archive_skb", "src\archive\archive_ktd\archive_skb.csproj", "{089E2871-C869-46F5-BE32-20C331B57694}"
EndProject
Project("{FAE04EC0-301F-11D3-BF4B-00C04F79EFBC}") = "archive_dc1", "src\archive\archive_dc1\archive_dc1.csproj", "{7A12E130-55C3-4498-A11E-E2D5E1EAE860}"
EndProject
Project("{FAE04EC0-301F-11D3-BF4B-00C04F79EFBC}") = "archive_srtux", "src\archive\archive_srtux\archive_srtux.csproj", "{7B4CA7D1-B77E-411E-999F-279E53D30744}"
EndProject
Project("{FAE04EC0-301F-11D3-BF4B-00C04F79EFBC}") = "archive_aatri", "src\archive\archive_aatri\archive_aatri.csproj", "{D9DD672A-7AE1-482D-9CAA-B6C6E4777673}"
EndProject
Project("{FAE04EC0-301F-11D3-BF4B-00C04F79EFBC}") = "archive_pak", "src\archive\archive_pak\archive_pak.csproj", "{17C385CF-F239-4BED-ADEA-8BB3E027A161}"
EndProject
Project("{FAE04EC0-301F-11D3-BF4B-00C04F79EFBC}") = "text_gmsg", "src\text\text_gmsg\text_gmsg.csproj", "{D15ADF8E-01E7-4978-8DC2-416A28333803}"
EndProject
Project("{FAE04EC0-301F-11D3-BF4B-00C04F79EFBC}") = "text_gmm", "src\text\text_gmm\text_gmm.csproj", "{9E049004-1352-43F3-BE38-BBC2EB83136F}"
EndProject
Project("{FAE04EC0-301F-11D3-BF4B-00C04F79EFBC}") = "text_metal", "src\text\text_metal\text_metal.csproj", "{CA68B722-81D8-4BC8-8BE0-D49BFFAEB08E}"
EndProject
Project("{FAE04EC0-301F-11D3-BF4B-00C04F79EFBC}") = "archive_irarc", "src\archive\archive_irarc\archive_irarc.csproj", "{2B7589A7-81A9-461F-8BF1-1684093E796A}"
EndProject
Project("{FAE04EC0-301F-11D3-BF4B-00C04F79EFBC}") = "text_heroes", "src\text\text_heroes\text_heroes.csproj", "{B5B621DD-4445-4CBF-95FB-1C3D16A97611}"
EndProject
Project("{2150E333-8FDC-42A3-9474-1A3956D46DE8}") = "Solution Items", "Solution Items", "{58D89148-3260-44C1-AC5C-1FDE25809710}"
	ProjectSection(SolutionItems) = preProject
		get_git_info.ps1 = get_git_info.ps1
		LICENSE.md = LICENSE.md
		LZ4.dll = LZ4.dll
		README.md = README.md
	EndProjectSection
EndProject
Project("{FAE04EC0-301F-11D3-BF4B-00C04F79EFBC}") = "archive_mt", "src\archive\archive_mt\archive_mt.csproj", "{92407A45-8006-4AA7-95F2-6EED156918A7}"
EndProject
Project("{FAE04EC0-301F-11D3-BF4B-00C04F79EFBC}") = "image_mt", "src\image\image_mt\image_mt.csproj", "{9E078594-73AE-4EC1-ABA2-BF8F338FCCD4}"
EndProject
Project("{FAE04EC0-301F-11D3-BF4B-00C04F79EFBC}") = "CeteraDS", "src\CeteraDS\CeteraDS.csproj", "{AD9C4794-3129-436A-9828-6D83B062B484}"
EndProject
Project("{FAE04EC0-301F-11D3-BF4B-00C04F79EFBC}") = "image_aa", "src\image\image_aa\image_aa.csproj", "{5B63CE12-FFC3-497F-94E3-3792CE6EB2A1}"
EndProject
Project("{FAE04EC0-301F-11D3-BF4B-00C04F79EFBC}") = "image_moflex", "src\image\image_moflex\image_moflex.csproj", "{BEAD1066-94FC-42FE-B9B3-F1DD707A4A78}"
EndProject
Project("{FAE04EC0-301F-11D3-BF4B-00C04F79EFBC}") = "image_mods", "src\image\image_mods\image_mods.csproj", "{EEF5ACB8-AA2F-4C4F-AFBD-24916B85665E}"
EndProject
Project("{FAE04EC0-301F-11D3-BF4B-00C04F79EFBC}") = "image_vxds", "src\image\image_vxds\image_vxds.csproj", "{41DBAF83-DC24-4C5E-B43B-C38895D49AA9}"
EndProject
Project("{FAE04EC0-301F-11D3-BF4B-00C04F79EFBC}") = "image_bnr", "src\image\image_bnr\image_bnr.csproj", "{7BD215C6-F817-4C65-B1FA-1587515ADA97}"
EndProject
Project("{FAE04EC0-301F-11D3-BF4B-00C04F79EFBC}") = "image_aif", "src\image\image_aif\image_aif.csproj", "{E8ACB882-C7BF-4B60-8E74-C56F6C56818F}"
EndProject
Project("{FAE04EC0-301F-11D3-BF4B-00C04F79EFBC}") = "image_lmt", "src\image\image_lmt\image_lmt.csproj", "{F77874C9-8051-41E5-922E-27F00C9CD462}"
EndProject
Project("{FAE04EC0-301F-11D3-BF4B-00C04F79EFBC}") = "archive_bfp", "src\archive\archive_bfp\archive_bfp.csproj", "{49CC9BE2-BF23-4BB6-8AD8-293552B036FA}"
EndProject
Project("{FAE04EC0-301F-11D3-BF4B-00C04F79EFBC}") = "text_tingle_baloon", "src\text\text_tingle_baloon\text_tingle_baloon.csproj", "{AB9319BD-D0CD-4991-BE29-30733230601F}"
EndProject
Project("{FAE04EC0-301F-11D3-BF4B-00C04F79EFBC}") = "text_xs", "src\text\text_xs\text_xs.csproj", "{378B20F3-C3B2-4594-96A6-2360AB950D95}"
EndProject
Project("{FAE04EC0-301F-11D3-BF4B-00C04F79EFBC}") = "archive_amb", "src\archive\archive_amb\archive_amb.csproj", "{65B03A2B-BCF5-494E-A87C-DD4AC2D4F286}"
EndProject
Project("{FAE04EC0-301F-11D3-BF4B-00C04F79EFBC}") = "image_comp", "src\image\image_comp\image_comp.csproj", "{48651C2C-D0A4-4E38-8512-977181B5CAC9}"
EndProject
Project("{FAE04EC0-301F-11D3-BF4B-00C04F79EFBC}") = "text_t2b", "src\text\text_t2b\text_t2b.csproj", "{027E1B9D-FB92-41CD-8595-B10064EEAA77}"
EndProject
Project("{FAE04EC0-301F-11D3-BF4B-00C04F79EFBC}") = "game_yokai_watch", "src\game\game_yokai_watch\game_yokai_watch.csproj", "{528B0417-AAD9-40A9-9156-D0C5F0395A98}"
EndProject
Project("{FAE04EC0-301F-11D3-BF4B-00C04F79EFBC}") = "archive_gk2", "src\archive\archive_gk2\archive_gk2.csproj", "{3D964B64-1047-43FD-A020-6C7FF0DEB831}"
EndProject
Project("{FAE04EC0-301F-11D3-BF4B-00C04F79EFBC}") = "image_spr3", "src\image\image_spr3\image_spr3.csproj", "{E789F312-B629-40DC-9058-26FAE5F277E1}"
	ProjectSection(ProjectDependencies) = postProject
		{77A182C0-4E86-469D-986E-9FAFAABCD26E} = {77A182C0-4E86-469D-986E-9FAFAABCD26E}
	EndProjectSection
EndProject
Project("{FAE04EC0-301F-11D3-BF4B-00C04F79EFBC}") = "image_ctx", "src\image\image_ctx\image_ctx.csproj", "{0E3A2374-2845-44B8-9F09-8FE583A7CEDE}"
EndProject
Project("{FAE04EC0-301F-11D3-BF4B-00C04F79EFBC}") = "archive_enc", "src\archive\archive_enc\archive_enc.csproj", "{F4A0F911-C1F7-429A-96D3-F943280BFDD3}"
EndProject
Project("{FAE04EC0-301F-11D3-BF4B-00C04F79EFBC}") = "archive_touch_detective", "src\archive\archive_touch_detective\archive_touch_detective.csproj", "{918F3A83-65F8-414A-9A2C-EB430AF2AD3C}"
EndProject
Project("{FAE04EC0-301F-11D3-BF4B-00C04F79EFBC}") = "archive_cdar", "src\archive\archive_cdar\archive_cdar.csproj", "{DDC2BF66-F543-4549-84F1-B4DDAB34EDDA}"
EndProject
Project("{FAE04EC0-301F-11D3-BF4B-00C04F79EFBC}") = "text_kbd", "src\text\text_kbd\text_kbd.csproj", "{F444F5CC-D78D-4B8C-8F99-5CD4B57C8902}"
EndProject
Project("{FAE04EC0-301F-11D3-BF4B-00C04F79EFBC}") = "game_unchained_blades_exxiv", "src\game\game_unchained_blades_exxiv\game_unchained_blades_exxiv.csproj", "{FF11C70A-8F17-4BD1-AA39-48A8E39A93A4}"
EndProject
Project("{FAE04EC0-301F-11D3-BF4B-00C04F79EFBC}") = "archive_zdp", "src\archive\archive_zdp\archive_zdp.csproj", "{ACA320D2-5F60-47A1-9265-590C862EF396}"
EndProject
Project("{FAE04EC0-301F-11D3-BF4B-00C04F79EFBC}") = "text_zds", "src\text\text_zds\text_zds.csproj", "{7BCDB228-23F6-4F4F-AD74-106F771BF1D4}"
EndProject
Project("{FAE04EC0-301F-11D3-BF4B-00C04F79EFBC}") = "text_lmd", "src\text\text_lmd\text_lmd.csproj", "{D922A319-1E44-4FBA-9509-518F96C7B481}"
EndProject
Project("{FAE04EC0-301F-11D3-BF4B-00C04F79EFBC}") = "archive_tarc", "src\archive\archive_tarc\archive_tarc.csproj", "{9A67AFB6-CE53-4864-8642-52AE101B945B}"
EndProject
Project("{FAE04EC0-301F-11D3-BF4B-00C04F79EFBC}") = "archive_zlib", "src\archive\archive_zlib\archive_zlib.csproj", "{91A4B6BB-81EF-4FD4-91C5-2850D81E7909}"
EndProject
Project("{FAE04EC0-301F-11D3-BF4B-00C04F79EFBC}") = "archive_bam", "src\archive\archive_bam\archive_bam.csproj", "{5D72870E-440F-4BC2-BC3F-01525F138FA7}"
EndProject
Project("{FAE04EC0-301F-11D3-BF4B-00C04F79EFBC}") = "archive_nlp", "src\archive\archive_nlp\archive_nlp.csproj", "{CC8A0019-9C06-409B-BD66-0E1D2DF9E3C6}"
EndProject
Project("{FAE04EC0-301F-11D3-BF4B-00C04F79EFBC}") = "archive_hunex", "src\archive\archive_hunex\archive_hunex.csproj", "{A8F65F6A-007A-4D25-ADC7-4CC110CCC75A}"
EndProject
Project("{FAE04EC0-301F-11D3-BF4B-00C04F79EFBC}") = "image_cvt", "src\image\image_cvt\image_cvt.csproj", "{66FED61D-A19C-42A3-B53B-06AC651DCA8D}"
EndProject
Global
	GlobalSection(SolutionConfigurationPlatforms) = preSolution
		Debug|Any CPU = Debug|Any CPU
		Release|Any CPU = Release|Any CPU
	EndGlobalSection
	GlobalSection(ProjectConfigurationPlatforms) = postSolution
		{7C89FFAF-B638-4577-A1FC-9A783D242428}.Debug|Any CPU.ActiveCfg = Debug|Any CPU
		{7C89FFAF-B638-4577-A1FC-9A783D242428}.Debug|Any CPU.Build.0 = Debug|Any CPU
		{7C89FFAF-B638-4577-A1FC-9A783D242428}.Release|Any CPU.ActiveCfg = Release|Any CPU
		{7C89FFAF-B638-4577-A1FC-9A783D242428}.Release|Any CPU.Build.0 = Release|Any CPU
		{51E474F7-1497-4C30-BC18-C357C884B8B2}.Debug|Any CPU.ActiveCfg = Debug|Any CPU
		{51E474F7-1497-4C30-BC18-C357C884B8B2}.Debug|Any CPU.Build.0 = Debug|Any CPU
		{51E474F7-1497-4C30-BC18-C357C884B8B2}.Release|Any CPU.ActiveCfg = Release|Any CPU
		{51E474F7-1497-4C30-BC18-C357C884B8B2}.Release|Any CPU.Build.0 = Release|Any CPU
		{9D6ACB4C-721B-4EB6-9A6C-2A9B9F9E1FD8}.Debug|Any CPU.ActiveCfg = Debug|Any CPU
		{9D6ACB4C-721B-4EB6-9A6C-2A9B9F9E1FD8}.Debug|Any CPU.Build.0 = Debug|Any CPU
		{9D6ACB4C-721B-4EB6-9A6C-2A9B9F9E1FD8}.Release|Any CPU.ActiveCfg = Release|Any CPU
		{9D6ACB4C-721B-4EB6-9A6C-2A9B9F9E1FD8}.Release|Any CPU.Build.0 = Release|Any CPU
		{AF05447B-3CF5-4473-983B-7908F96C7128}.Debug|Any CPU.ActiveCfg = Debug|Any CPU
		{AF05447B-3CF5-4473-983B-7908F96C7128}.Debug|Any CPU.Build.0 = Debug|Any CPU
		{AF05447B-3CF5-4473-983B-7908F96C7128}.Release|Any CPU.ActiveCfg = Release|Any CPU
		{AF05447B-3CF5-4473-983B-7908F96C7128}.Release|Any CPU.Build.0 = Release|Any CPU
		{9665286A-F74F-4180-A73C-F427FDF29B2E}.Debug|Any CPU.ActiveCfg = Debug|Any CPU
		{9665286A-F74F-4180-A73C-F427FDF29B2E}.Debug|Any CPU.Build.0 = Debug|Any CPU
		{9665286A-F74F-4180-A73C-F427FDF29B2E}.Release|Any CPU.ActiveCfg = Release|Any CPU
		{9665286A-F74F-4180-A73C-F427FDF29B2E}.Release|Any CPU.Build.0 = Release|Any CPU
		{E51106FF-3D0B-499F-B9CA-A3A44F37FC13}.Debug|Any CPU.ActiveCfg = Debug|Any CPU
		{E51106FF-3D0B-499F-B9CA-A3A44F37FC13}.Debug|Any CPU.Build.0 = Debug|Any CPU
		{E51106FF-3D0B-499F-B9CA-A3A44F37FC13}.Release|Any CPU.ActiveCfg = Release|Any CPU
		{E51106FF-3D0B-499F-B9CA-A3A44F37FC13}.Release|Any CPU.Build.0 = Release|Any CPU
		{AD39D297-4420-4044-ACB4-21B22076B213}.Debug|Any CPU.ActiveCfg = Debug|Any CPU
		{AD39D297-4420-4044-ACB4-21B22076B213}.Debug|Any CPU.Build.0 = Debug|Any CPU
		{AD39D297-4420-4044-ACB4-21B22076B213}.Release|Any CPU.ActiveCfg = Release|Any CPU
		{AD39D297-4420-4044-ACB4-21B22076B213}.Release|Any CPU.Build.0 = Release|Any CPU
		{243CFA03-BB36-421B-9E64-F446C8D6E5B0}.Debug|Any CPU.ActiveCfg = Debug|Any CPU
		{243CFA03-BB36-421B-9E64-F446C8D6E5B0}.Debug|Any CPU.Build.0 = Debug|Any CPU
		{243CFA03-BB36-421B-9E64-F446C8D6E5B0}.Release|Any CPU.ActiveCfg = Release|Any CPU
		{243CFA03-BB36-421B-9E64-F446C8D6E5B0}.Release|Any CPU.Build.0 = Release|Any CPU
		{12CD0EA7-C30F-4C90-ADB6-DDA567438B8B}.Debug|Any CPU.ActiveCfg = Debug|Any CPU
		{12CD0EA7-C30F-4C90-ADB6-DDA567438B8B}.Debug|Any CPU.Build.0 = Debug|Any CPU
		{12CD0EA7-C30F-4C90-ADB6-DDA567438B8B}.Release|Any CPU.ActiveCfg = Release|Any CPU
		{12CD0EA7-C30F-4C90-ADB6-DDA567438B8B}.Release|Any CPU.Build.0 = Release|Any CPU
		{40EA3463-4A08-4E2C-938F-5025E87D6CB6}.Debug|Any CPU.ActiveCfg = Debug|Any CPU
		{40EA3463-4A08-4E2C-938F-5025E87D6CB6}.Debug|Any CPU.Build.0 = Debug|Any CPU
		{40EA3463-4A08-4E2C-938F-5025E87D6CB6}.Release|Any CPU.ActiveCfg = Release|Any CPU
		{40EA3463-4A08-4E2C-938F-5025E87D6CB6}.Release|Any CPU.Build.0 = Release|Any CPU
		{76791481-35E8-41C0-A01C-F0FC66416A20}.Debug|Any CPU.ActiveCfg = Debug|Any CPU
		{76791481-35E8-41C0-A01C-F0FC66416A20}.Debug|Any CPU.Build.0 = Debug|Any CPU
		{76791481-35E8-41C0-A01C-F0FC66416A20}.Release|Any CPU.ActiveCfg = Release|Any CPU
		{76791481-35E8-41C0-A01C-F0FC66416A20}.Release|Any CPU.Build.0 = Release|Any CPU
		{05E492D3-00B6-475A-BC9E-A22237864C52}.Debug|Any CPU.ActiveCfg = Debug|Any CPU
		{05E492D3-00B6-475A-BC9E-A22237864C52}.Debug|Any CPU.Build.0 = Debug|Any CPU
		{05E492D3-00B6-475A-BC9E-A22237864C52}.Release|Any CPU.ActiveCfg = Release|Any CPU
		{05E492D3-00B6-475A-BC9E-A22237864C52}.Release|Any CPU.Build.0 = Release|Any CPU
		{22CBC179-CCE1-4C27-AA9D-DC69D9588101}.Debug|Any CPU.ActiveCfg = Debug|Any CPU
		{22CBC179-CCE1-4C27-AA9D-DC69D9588101}.Debug|Any CPU.Build.0 = Debug|Any CPU
		{22CBC179-CCE1-4C27-AA9D-DC69D9588101}.Release|Any CPU.ActiveCfg = Release|Any CPU
		{22CBC179-CCE1-4C27-AA9D-DC69D9588101}.Release|Any CPU.Build.0 = Release|Any CPU
		{8B851D96-DA5D-48E4-9791-F15EB36E7142}.Debug|Any CPU.ActiveCfg = Debug|Any CPU
		{8B851D96-DA5D-48E4-9791-F15EB36E7142}.Debug|Any CPU.Build.0 = Debug|Any CPU
		{8B851D96-DA5D-48E4-9791-F15EB36E7142}.Release|Any CPU.ActiveCfg = Release|Any CPU
		{8B851D96-DA5D-48E4-9791-F15EB36E7142}.Release|Any CPU.Build.0 = Release|Any CPU
		{DDF760B7-1273-4048-A052-4E396245937B}.Debug|Any CPU.ActiveCfg = Debug|Any CPU
		{DDF760B7-1273-4048-A052-4E396245937B}.Debug|Any CPU.Build.0 = Debug|Any CPU
		{DDF760B7-1273-4048-A052-4E396245937B}.Release|Any CPU.ActiveCfg = Release|Any CPU
		{DDF760B7-1273-4048-A052-4E396245937B}.Release|Any CPU.Build.0 = Release|Any CPU
		{D1A02778-ADD3-41CF-B2E4-BA6AA9FACE70}.Debug|Any CPU.ActiveCfg = Debug|Any CPU
		{D1A02778-ADD3-41CF-B2E4-BA6AA9FACE70}.Debug|Any CPU.Build.0 = Debug|Any CPU
		{D1A02778-ADD3-41CF-B2E4-BA6AA9FACE70}.Release|Any CPU.ActiveCfg = Release|Any CPU
		{D1A02778-ADD3-41CF-B2E4-BA6AA9FACE70}.Release|Any CPU.Build.0 = Release|Any CPU
		{9913FA89-71FC-486A-9B81-43289AA70A55}.Debug|Any CPU.ActiveCfg = Debug|Any CPU
		{9913FA89-71FC-486A-9B81-43289AA70A55}.Debug|Any CPU.Build.0 = Debug|Any CPU
		{9913FA89-71FC-486A-9B81-43289AA70A55}.Release|Any CPU.ActiveCfg = Release|Any CPU
		{9913FA89-71FC-486A-9B81-43289AA70A55}.Release|Any CPU.Build.0 = Release|Any CPU
		{3E3B6B95-B073-44B9-BF3A-54A7FE172A50}.Debug|Any CPU.ActiveCfg = Debug|Any CPU
		{3E3B6B95-B073-44B9-BF3A-54A7FE172A50}.Debug|Any CPU.Build.0 = Debug|Any CPU
		{3E3B6B95-B073-44B9-BF3A-54A7FE172A50}.Release|Any CPU.ActiveCfg = Release|Any CPU
		{3E3B6B95-B073-44B9-BF3A-54A7FE172A50}.Release|Any CPU.Build.0 = Release|Any CPU
		{515D26A0-26DD-49DE-A66D-BF4CAD0029E8}.Debug|Any CPU.ActiveCfg = Debug|Any CPU
		{515D26A0-26DD-49DE-A66D-BF4CAD0029E8}.Debug|Any CPU.Build.0 = Debug|Any CPU
		{515D26A0-26DD-49DE-A66D-BF4CAD0029E8}.Release|Any CPU.ActiveCfg = Release|Any CPU
		{515D26A0-26DD-49DE-A66D-BF4CAD0029E8}.Release|Any CPU.Build.0 = Release|Any CPU
		{9002E338-6029-43C0-99A7-2241E32B5102}.Debug|Any CPU.ActiveCfg = Debug|Any CPU
		{9002E338-6029-43C0-99A7-2241E32B5102}.Debug|Any CPU.Build.0 = Debug|Any CPU
		{9002E338-6029-43C0-99A7-2241E32B5102}.Release|Any CPU.ActiveCfg = Release|Any CPU
		{9002E338-6029-43C0-99A7-2241E32B5102}.Release|Any CPU.Build.0 = Release|Any CPU
		{E14CC95B-2D0D-4FB5-BE4C-1F717FB59FE6}.Debug|Any CPU.ActiveCfg = Debug|Any CPU
		{E14CC95B-2D0D-4FB5-BE4C-1F717FB59FE6}.Debug|Any CPU.Build.0 = Debug|Any CPU
		{E14CC95B-2D0D-4FB5-BE4C-1F717FB59FE6}.Release|Any CPU.ActiveCfg = Release|Any CPU
		{E14CC95B-2D0D-4FB5-BE4C-1F717FB59FE6}.Release|Any CPU.Build.0 = Release|Any CPU
		{F069B9AB-356C-4ED6-AF84-2EAB83B5D55F}.Debug|Any CPU.ActiveCfg = Debug|Any CPU
		{F069B9AB-356C-4ED6-AF84-2EAB83B5D55F}.Debug|Any CPU.Build.0 = Debug|Any CPU
		{F069B9AB-356C-4ED6-AF84-2EAB83B5D55F}.Release|Any CPU.ActiveCfg = Release|Any CPU
		{F069B9AB-356C-4ED6-AF84-2EAB83B5D55F}.Release|Any CPU.Build.0 = Release|Any CPU
		{1BFF38F5-1848-45B1-B84D-1270A25B7675}.Debug|Any CPU.ActiveCfg = Debug|Any CPU
		{1BFF38F5-1848-45B1-B84D-1270A25B7675}.Debug|Any CPU.Build.0 = Debug|Any CPU
		{1BFF38F5-1848-45B1-B84D-1270A25B7675}.Release|Any CPU.ActiveCfg = Release|Any CPU
		{1BFF38F5-1848-45B1-B84D-1270A25B7675}.Release|Any CPU.Build.0 = Release|Any CPU
		{7FF82162-F86F-411B-98C8-F646BB09A172}.Debug|Any CPU.ActiveCfg = Debug|Any CPU
		{7FF82162-F86F-411B-98C8-F646BB09A172}.Debug|Any CPU.Build.0 = Debug|Any CPU
		{7FF82162-F86F-411B-98C8-F646BB09A172}.Release|Any CPU.ActiveCfg = Release|Any CPU
		{7FF82162-F86F-411B-98C8-F646BB09A172}.Release|Any CPU.Build.0 = Release|Any CPU
		{98C3517B-2105-430B-90F6-E85D3AC22817}.Debug|Any CPU.ActiveCfg = Debug|Any CPU
		{98C3517B-2105-430B-90F6-E85D3AC22817}.Debug|Any CPU.Build.0 = Debug|Any CPU
		{98C3517B-2105-430B-90F6-E85D3AC22817}.Release|Any CPU.ActiveCfg = Release|Any CPU
		{98C3517B-2105-430B-90F6-E85D3AC22817}.Release|Any CPU.Build.0 = Release|Any CPU
		{DF200FAA-0808-44AF-B2D6-66DCB041151E}.Debug|Any CPU.ActiveCfg = Debug|Any CPU
		{DF200FAA-0808-44AF-B2D6-66DCB041151E}.Debug|Any CPU.Build.0 = Debug|Any CPU
		{DF200FAA-0808-44AF-B2D6-66DCB041151E}.Release|Any CPU.ActiveCfg = Release|Any CPU
		{DF200FAA-0808-44AF-B2D6-66DCB041151E}.Release|Any CPU.Build.0 = Release|Any CPU
		{948C73AD-D8E8-4A5E-86C9-2D239B74CCE7}.Debug|Any CPU.ActiveCfg = Debug|Any CPU
		{948C73AD-D8E8-4A5E-86C9-2D239B74CCE7}.Debug|Any CPU.Build.0 = Debug|Any CPU
		{948C73AD-D8E8-4A5E-86C9-2D239B74CCE7}.Release|Any CPU.ActiveCfg = Release|Any CPU
		{948C73AD-D8E8-4A5E-86C9-2D239B74CCE7}.Release|Any CPU.Build.0 = Release|Any CPU
		{30BE912F-6874-4F11-9094-EF9CF098D16A}.Debug|Any CPU.ActiveCfg = Debug|Any CPU
		{30BE912F-6874-4F11-9094-EF9CF098D16A}.Debug|Any CPU.Build.0 = Debug|Any CPU
		{30BE912F-6874-4F11-9094-EF9CF098D16A}.Release|Any CPU.ActiveCfg = Release|Any CPU
		{30BE912F-6874-4F11-9094-EF9CF098D16A}.Release|Any CPU.Build.0 = Release|Any CPU
		{6DD11D33-6CD9-4445-8C36-68B8D63BA6DA}.Debug|Any CPU.ActiveCfg = Debug|Any CPU
		{6DD11D33-6CD9-4445-8C36-68B8D63BA6DA}.Debug|Any CPU.Build.0 = Debug|Any CPU
		{6DD11D33-6CD9-4445-8C36-68B8D63BA6DA}.Release|Any CPU.ActiveCfg = Release|Any CPU
		{6DD11D33-6CD9-4445-8C36-68B8D63BA6DA}.Release|Any CPU.Build.0 = Release|Any CPU
		{7F679E7F-EA49-4EB9-8D6C-16DD131CB3AA}.Debug|Any CPU.ActiveCfg = Debug|Any CPU
		{7F679E7F-EA49-4EB9-8D6C-16DD131CB3AA}.Debug|Any CPU.Build.0 = Debug|Any CPU
		{7F679E7F-EA49-4EB9-8D6C-16DD131CB3AA}.Release|Any CPU.ActiveCfg = Release|Any CPU
		{7F679E7F-EA49-4EB9-8D6C-16DD131CB3AA}.Release|Any CPU.Build.0 = Release|Any CPU
		{A19343AD-292B-4951-94B4-63A329CBD21B}.Debug|Any CPU.ActiveCfg = Debug|Any CPU
		{A19343AD-292B-4951-94B4-63A329CBD21B}.Debug|Any CPU.Build.0 = Debug|Any CPU
		{A19343AD-292B-4951-94B4-63A329CBD21B}.Release|Any CPU.ActiveCfg = Release|Any CPU
		{A19343AD-292B-4951-94B4-63A329CBD21B}.Release|Any CPU.Build.0 = Release|Any CPU
		{2E4BC70E-67FF-4728-9799-A4840E617FFA}.Debug|Any CPU.ActiveCfg = Debug|Any CPU
		{2E4BC70E-67FF-4728-9799-A4840E617FFA}.Debug|Any CPU.Build.0 = Debug|Any CPU
		{2E4BC70E-67FF-4728-9799-A4840E617FFA}.Release|Any CPU.ActiveCfg = Release|Any CPU
		{2E4BC70E-67FF-4728-9799-A4840E617FFA}.Release|Any CPU.Build.0 = Release|Any CPU
		{C741AB50-669D-406F-9D27-B5EF5BDD1294}.Debug|Any CPU.ActiveCfg = Debug|Any CPU
		{C741AB50-669D-406F-9D27-B5EF5BDD1294}.Debug|Any CPU.Build.0 = Debug|Any CPU
		{C741AB50-669D-406F-9D27-B5EF5BDD1294}.Release|Any CPU.ActiveCfg = Release|Any CPU
		{C741AB50-669D-406F-9D27-B5EF5BDD1294}.Release|Any CPU.Build.0 = Release|Any CPU
		{0105C7BE-5D1C-446A-B121-E84C9F659DAB}.Debug|Any CPU.ActiveCfg = Debug|Any CPU
		{0105C7BE-5D1C-446A-B121-E84C9F659DAB}.Debug|Any CPU.Build.0 = Debug|Any CPU
		{0105C7BE-5D1C-446A-B121-E84C9F659DAB}.Release|Any CPU.ActiveCfg = Release|Any CPU
		{0105C7BE-5D1C-446A-B121-E84C9F659DAB}.Release|Any CPU.Build.0 = Release|Any CPU
		{D88E4112-20CE-4C8D-9998-300BC7C01573}.Debug|Any CPU.ActiveCfg = Debug|Any CPU
		{D88E4112-20CE-4C8D-9998-300BC7C01573}.Debug|Any CPU.Build.0 = Debug|Any CPU
		{D88E4112-20CE-4C8D-9998-300BC7C01573}.Release|Any CPU.ActiveCfg = Release|Any CPU
		{D88E4112-20CE-4C8D-9998-300BC7C01573}.Release|Any CPU.Build.0 = Release|Any CPU
		{60A8FA6B-7829-45CE-8E0D-4999D1621B89}.Debug|Any CPU.ActiveCfg = Debug|Any CPU
		{60A8FA6B-7829-45CE-8E0D-4999D1621B89}.Debug|Any CPU.Build.0 = Debug|Any CPU
		{60A8FA6B-7829-45CE-8E0D-4999D1621B89}.Release|Any CPU.ActiveCfg = Release|Any CPU
		{60A8FA6B-7829-45CE-8E0D-4999D1621B89}.Release|Any CPU.Build.0 = Release|Any CPU
		{482A2B54-F27D-4095-8D91-16B9C03C3403}.Debug|Any CPU.ActiveCfg = Debug|Any CPU
		{482A2B54-F27D-4095-8D91-16B9C03C3403}.Debug|Any CPU.Build.0 = Debug|Any CPU
		{482A2B54-F27D-4095-8D91-16B9C03C3403}.Release|Any CPU.ActiveCfg = Release|Any CPU
		{482A2B54-F27D-4095-8D91-16B9C03C3403}.Release|Any CPU.Build.0 = Release|Any CPU
		{CC01BCBF-871A-48AC-9AA9-19507940CFF3}.Debug|Any CPU.ActiveCfg = Debug|Any CPU
		{CC01BCBF-871A-48AC-9AA9-19507940CFF3}.Debug|Any CPU.Build.0 = Debug|Any CPU
		{CC01BCBF-871A-48AC-9AA9-19507940CFF3}.Release|Any CPU.ActiveCfg = Release|Any CPU
		{CC01BCBF-871A-48AC-9AA9-19507940CFF3}.Release|Any CPU.Build.0 = Release|Any CPU
		{269D0F0D-AE95-447B-8403-41F28D8DE00C}.Debug|Any CPU.ActiveCfg = Debug|Any CPU
		{269D0F0D-AE95-447B-8403-41F28D8DE00C}.Debug|Any CPU.Build.0 = Debug|Any CPU
		{269D0F0D-AE95-447B-8403-41F28D8DE00C}.Release|Any CPU.ActiveCfg = Release|Any CPU
		{269D0F0D-AE95-447B-8403-41F28D8DE00C}.Release|Any CPU.Build.0 = Release|Any CPU
		{9A0C08B2-C1FF-4DE5-B9BB-7267D8FA0EE6}.Debug|Any CPU.ActiveCfg = Debug|Any CPU
		{9A0C08B2-C1FF-4DE5-B9BB-7267D8FA0EE6}.Debug|Any CPU.Build.0 = Debug|Any CPU
		{9A0C08B2-C1FF-4DE5-B9BB-7267D8FA0EE6}.Release|Any CPU.ActiveCfg = Release|Any CPU
		{9A0C08B2-C1FF-4DE5-B9BB-7267D8FA0EE6}.Release|Any CPU.Build.0 = Release|Any CPU
		{665782EB-3D6E-4426-B052-5048334D31C0}.Debug|Any CPU.ActiveCfg = Debug|Any CPU
		{665782EB-3D6E-4426-B052-5048334D31C0}.Debug|Any CPU.Build.0 = Debug|Any CPU
		{665782EB-3D6E-4426-B052-5048334D31C0}.Release|Any CPU.ActiveCfg = Release|Any CPU
		{665782EB-3D6E-4426-B052-5048334D31C0}.Release|Any CPU.Build.0 = Release|Any CPU
		{22B0F441-5CF7-44CB-BA4F-0F1A25592614}.Debug|Any CPU.ActiveCfg = Debug|Any CPU
		{22B0F441-5CF7-44CB-BA4F-0F1A25592614}.Debug|Any CPU.Build.0 = Debug|Any CPU
		{22B0F441-5CF7-44CB-BA4F-0F1A25592614}.Release|Any CPU.ActiveCfg = Release|Any CPU
		{22B0F441-5CF7-44CB-BA4F-0F1A25592614}.Release|Any CPU.Build.0 = Release|Any CPU
		{D133A149-3196-4F2C-8B04-A943611F650A}.Debug|Any CPU.ActiveCfg = Debug|Any CPU
		{D133A149-3196-4F2C-8B04-A943611F650A}.Debug|Any CPU.Build.0 = Debug|Any CPU
		{D133A149-3196-4F2C-8B04-A943611F650A}.Release|Any CPU.ActiveCfg = Release|Any CPU
		{D133A149-3196-4F2C-8B04-A943611F650A}.Release|Any CPU.Build.0 = Release|Any CPU
		{EFDC3079-B1ED-493D-B9DC-55658A84B1A4}.Debug|Any CPU.ActiveCfg = Debug|Any CPU
		{EFDC3079-B1ED-493D-B9DC-55658A84B1A4}.Debug|Any CPU.Build.0 = Debug|Any CPU
		{EFDC3079-B1ED-493D-B9DC-55658A84B1A4}.Release|Any CPU.ActiveCfg = Release|Any CPU
		{EFDC3079-B1ED-493D-B9DC-55658A84B1A4}.Release|Any CPU.Build.0 = Release|Any CPU
		{95F859B9-118C-4F39-AA04-76901412413E}.Debug|Any CPU.ActiveCfg = Debug|Any CPU
		{95F859B9-118C-4F39-AA04-76901412413E}.Debug|Any CPU.Build.0 = Debug|Any CPU
		{95F859B9-118C-4F39-AA04-76901412413E}.Release|Any CPU.ActiveCfg = Release|Any CPU
		{95F859B9-118C-4F39-AA04-76901412413E}.Release|Any CPU.Build.0 = Release|Any CPU
		{77A182C0-4E86-469D-986E-9FAFAABCD26E}.Debug|Any CPU.ActiveCfg = Debug|Any CPU
		{77A182C0-4E86-469D-986E-9FAFAABCD26E}.Debug|Any CPU.Build.0 = Debug|Any CPU
		{77A182C0-4E86-469D-986E-9FAFAABCD26E}.Release|Any CPU.ActiveCfg = Release|Any CPU
		{77A182C0-4E86-469D-986E-9FAFAABCD26E}.Release|Any CPU.Build.0 = Release|Any CPU
		{1C9D7F75-2E04-441E-83D4-00A406809E09}.Debug|Any CPU.ActiveCfg = Debug|Any CPU
		{1C9D7F75-2E04-441E-83D4-00A406809E09}.Debug|Any CPU.Build.0 = Debug|Any CPU
		{1C9D7F75-2E04-441E-83D4-00A406809E09}.Release|Any CPU.ActiveCfg = Release|Any CPU
		{1C9D7F75-2E04-441E-83D4-00A406809E09}.Release|Any CPU.Build.0 = Release|Any CPU
		{FBED47D0-6A0B-4668-9F10-22E86519CA2D}.Debug|Any CPU.ActiveCfg = Debug|Any CPU
		{FBED47D0-6A0B-4668-9F10-22E86519CA2D}.Debug|Any CPU.Build.0 = Debug|Any CPU
		{FBED47D0-6A0B-4668-9F10-22E86519CA2D}.Release|Any CPU.ActiveCfg = Release|Any CPU
		{FBED47D0-6A0B-4668-9F10-22E86519CA2D}.Release|Any CPU.Build.0 = Release|Any CPU
		{FDD173FC-2234-4812-90D4-AAD6AB8E20AE}.Debug|Any CPU.ActiveCfg = Debug|Any CPU
		{FDD173FC-2234-4812-90D4-AAD6AB8E20AE}.Debug|Any CPU.Build.0 = Debug|Any CPU
		{FDD173FC-2234-4812-90D4-AAD6AB8E20AE}.Release|Any CPU.ActiveCfg = Release|Any CPU
		{FDD173FC-2234-4812-90D4-AAD6AB8E20AE}.Release|Any CPU.Build.0 = Release|Any CPU
		{17DE9B14-4ABD-4CF9-9FFE-17F5D6E1A3FD}.Debug|Any CPU.ActiveCfg = Debug|Any CPU
		{17DE9B14-4ABD-4CF9-9FFE-17F5D6E1A3FD}.Debug|Any CPU.Build.0 = Debug|Any CPU
		{17DE9B14-4ABD-4CF9-9FFE-17F5D6E1A3FD}.Release|Any CPU.ActiveCfg = Release|Any CPU
		{17DE9B14-4ABD-4CF9-9FFE-17F5D6E1A3FD}.Release|Any CPU.Build.0 = Release|Any CPU
		{CAC0CCE5-37DE-4A5D-A645-0F5395B22188}.Debug|Any CPU.ActiveCfg = Debug|Any CPU
		{CAC0CCE5-37DE-4A5D-A645-0F5395B22188}.Debug|Any CPU.Build.0 = Debug|Any CPU
		{CAC0CCE5-37DE-4A5D-A645-0F5395B22188}.Release|Any CPU.ActiveCfg = Release|Any CPU
		{CAC0CCE5-37DE-4A5D-A645-0F5395B22188}.Release|Any CPU.Build.0 = Release|Any CPU
		{7E0E6B1D-36D4-47C1-B7B6-447E31AF81A6}.Debug|Any CPU.ActiveCfg = Debug|Any CPU
		{7E0E6B1D-36D4-47C1-B7B6-447E31AF81A6}.Debug|Any CPU.Build.0 = Debug|Any CPU
		{7E0E6B1D-36D4-47C1-B7B6-447E31AF81A6}.Release|Any CPU.ActiveCfg = Release|Any CPU
		{7E0E6B1D-36D4-47C1-B7B6-447E31AF81A6}.Release|Any CPU.Build.0 = Release|Any CPU
		{089E2871-C869-46F5-BE32-20C331B57694}.Debug|Any CPU.ActiveCfg = Debug|Any CPU
		{089E2871-C869-46F5-BE32-20C331B57694}.Debug|Any CPU.Build.0 = Debug|Any CPU
		{089E2871-C869-46F5-BE32-20C331B57694}.Release|Any CPU.ActiveCfg = Release|Any CPU
		{089E2871-C869-46F5-BE32-20C331B57694}.Release|Any CPU.Build.0 = Release|Any CPU
		{7A12E130-55C3-4498-A11E-E2D5E1EAE860}.Debug|Any CPU.ActiveCfg = Debug|Any CPU
		{7A12E130-55C3-4498-A11E-E2D5E1EAE860}.Debug|Any CPU.Build.0 = Debug|Any CPU
		{7A12E130-55C3-4498-A11E-E2D5E1EAE860}.Release|Any CPU.ActiveCfg = Release|Any CPU
		{7A12E130-55C3-4498-A11E-E2D5E1EAE860}.Release|Any CPU.Build.0 = Release|Any CPU
		{7B4CA7D1-B77E-411E-999F-279E53D30744}.Debug|Any CPU.ActiveCfg = Debug|Any CPU
		{7B4CA7D1-B77E-411E-999F-279E53D30744}.Debug|Any CPU.Build.0 = Debug|Any CPU
		{7B4CA7D1-B77E-411E-999F-279E53D30744}.Release|Any CPU.ActiveCfg = Release|Any CPU
		{7B4CA7D1-B77E-411E-999F-279E53D30744}.Release|Any CPU.Build.0 = Release|Any CPU
		{D9DD672A-7AE1-482D-9CAA-B6C6E4777673}.Debug|Any CPU.ActiveCfg = Debug|Any CPU
		{D9DD672A-7AE1-482D-9CAA-B6C6E4777673}.Debug|Any CPU.Build.0 = Debug|Any CPU
		{D9DD672A-7AE1-482D-9CAA-B6C6E4777673}.Release|Any CPU.ActiveCfg = Release|Any CPU
		{D9DD672A-7AE1-482D-9CAA-B6C6E4777673}.Release|Any CPU.Build.0 = Release|Any CPU
		{17C385CF-F239-4BED-ADEA-8BB3E027A161}.Debug|Any CPU.ActiveCfg = Debug|Any CPU
		{17C385CF-F239-4BED-ADEA-8BB3E027A161}.Debug|Any CPU.Build.0 = Debug|Any CPU
		{17C385CF-F239-4BED-ADEA-8BB3E027A161}.Release|Any CPU.ActiveCfg = Release|Any CPU
		{17C385CF-F239-4BED-ADEA-8BB3E027A161}.Release|Any CPU.Build.0 = Release|Any CPU
		{D15ADF8E-01E7-4978-8DC2-416A28333803}.Debug|Any CPU.ActiveCfg = Debug|Any CPU
		{D15ADF8E-01E7-4978-8DC2-416A28333803}.Debug|Any CPU.Build.0 = Debug|Any CPU
		{D15ADF8E-01E7-4978-8DC2-416A28333803}.Release|Any CPU.ActiveCfg = Release|Any CPU
		{D15ADF8E-01E7-4978-8DC2-416A28333803}.Release|Any CPU.Build.0 = Release|Any CPU
		{9E049004-1352-43F3-BE38-BBC2EB83136F}.Debug|Any CPU.ActiveCfg = Debug|Any CPU
		{9E049004-1352-43F3-BE38-BBC2EB83136F}.Debug|Any CPU.Build.0 = Debug|Any CPU
		{9E049004-1352-43F3-BE38-BBC2EB83136F}.Release|Any CPU.ActiveCfg = Release|Any CPU
		{9E049004-1352-43F3-BE38-BBC2EB83136F}.Release|Any CPU.Build.0 = Release|Any CPU
		{CA68B722-81D8-4BC8-8BE0-D49BFFAEB08E}.Debug|Any CPU.ActiveCfg = Debug|Any CPU
		{CA68B722-81D8-4BC8-8BE0-D49BFFAEB08E}.Debug|Any CPU.Build.0 = Debug|Any CPU
		{CA68B722-81D8-4BC8-8BE0-D49BFFAEB08E}.Release|Any CPU.ActiveCfg = Release|Any CPU
		{CA68B722-81D8-4BC8-8BE0-D49BFFAEB08E}.Release|Any CPU.Build.0 = Release|Any CPU
		{2B7589A7-81A9-461F-8BF1-1684093E796A}.Debug|Any CPU.ActiveCfg = Debug|Any CPU
		{2B7589A7-81A9-461F-8BF1-1684093E796A}.Debug|Any CPU.Build.0 = Debug|Any CPU
		{2B7589A7-81A9-461F-8BF1-1684093E796A}.Release|Any CPU.ActiveCfg = Release|Any CPU
		{2B7589A7-81A9-461F-8BF1-1684093E796A}.Release|Any CPU.Build.0 = Release|Any CPU
		{B5B621DD-4445-4CBF-95FB-1C3D16A97611}.Debug|Any CPU.ActiveCfg = Debug|Any CPU
		{B5B621DD-4445-4CBF-95FB-1C3D16A97611}.Debug|Any CPU.Build.0 = Debug|Any CPU
		{B5B621DD-4445-4CBF-95FB-1C3D16A97611}.Release|Any CPU.ActiveCfg = Release|Any CPU
		{B5B621DD-4445-4CBF-95FB-1C3D16A97611}.Release|Any CPU.Build.0 = Release|Any CPU
		{92407A45-8006-4AA7-95F2-6EED156918A7}.Debug|Any CPU.ActiveCfg = Debug|Any CPU
		{92407A45-8006-4AA7-95F2-6EED156918A7}.Debug|Any CPU.Build.0 = Debug|Any CPU
		{92407A45-8006-4AA7-95F2-6EED156918A7}.Release|Any CPU.ActiveCfg = Release|Any CPU
		{92407A45-8006-4AA7-95F2-6EED156918A7}.Release|Any CPU.Build.0 = Release|Any CPU
		{9E078594-73AE-4EC1-ABA2-BF8F338FCCD4}.Debug|Any CPU.ActiveCfg = Debug|Any CPU
		{9E078594-73AE-4EC1-ABA2-BF8F338FCCD4}.Debug|Any CPU.Build.0 = Debug|Any CPU
		{9E078594-73AE-4EC1-ABA2-BF8F338FCCD4}.Release|Any CPU.ActiveCfg = Release|Any CPU
		{9E078594-73AE-4EC1-ABA2-BF8F338FCCD4}.Release|Any CPU.Build.0 = Release|Any CPU
		{AD9C4794-3129-436A-9828-6D83B062B484}.Debug|Any CPU.ActiveCfg = Debug|Any CPU
		{AD9C4794-3129-436A-9828-6D83B062B484}.Debug|Any CPU.Build.0 = Debug|Any CPU
		{AD9C4794-3129-436A-9828-6D83B062B484}.Release|Any CPU.ActiveCfg = Release|Any CPU
		{AD9C4794-3129-436A-9828-6D83B062B484}.Release|Any CPU.Build.0 = Release|Any CPU
		{5B63CE12-FFC3-497F-94E3-3792CE6EB2A1}.Debug|Any CPU.ActiveCfg = Debug|Any CPU
		{5B63CE12-FFC3-497F-94E3-3792CE6EB2A1}.Debug|Any CPU.Build.0 = Debug|Any CPU
		{5B63CE12-FFC3-497F-94E3-3792CE6EB2A1}.Release|Any CPU.ActiveCfg = Release|Any CPU
		{5B63CE12-FFC3-497F-94E3-3792CE6EB2A1}.Release|Any CPU.Build.0 = Release|Any CPU
		{BEAD1066-94FC-42FE-B9B3-F1DD707A4A78}.Debug|Any CPU.ActiveCfg = Debug|Any CPU
		{BEAD1066-94FC-42FE-B9B3-F1DD707A4A78}.Debug|Any CPU.Build.0 = Debug|Any CPU
		{BEAD1066-94FC-42FE-B9B3-F1DD707A4A78}.Release|Any CPU.ActiveCfg = Release|Any CPU
		{BEAD1066-94FC-42FE-B9B3-F1DD707A4A78}.Release|Any CPU.Build.0 = Release|Any CPU
		{EEF5ACB8-AA2F-4C4F-AFBD-24916B85665E}.Debug|Any CPU.ActiveCfg = Debug|Any CPU
		{EEF5ACB8-AA2F-4C4F-AFBD-24916B85665E}.Debug|Any CPU.Build.0 = Debug|Any CPU
		{EEF5ACB8-AA2F-4C4F-AFBD-24916B85665E}.Release|Any CPU.ActiveCfg = Release|Any CPU
		{EEF5ACB8-AA2F-4C4F-AFBD-24916B85665E}.Release|Any CPU.Build.0 = Release|Any CPU
		{41DBAF83-DC24-4C5E-B43B-C38895D49AA9}.Debug|Any CPU.ActiveCfg = Debug|Any CPU
		{41DBAF83-DC24-4C5E-B43B-C38895D49AA9}.Debug|Any CPU.Build.0 = Debug|Any CPU
		{41DBAF83-DC24-4C5E-B43B-C38895D49AA9}.Release|Any CPU.ActiveCfg = Release|Any CPU
		{41DBAF83-DC24-4C5E-B43B-C38895D49AA9}.Release|Any CPU.Build.0 = Release|Any CPU
		{7BD215C6-F817-4C65-B1FA-1587515ADA97}.Debug|Any CPU.ActiveCfg = Debug|Any CPU
		{7BD215C6-F817-4C65-B1FA-1587515ADA97}.Debug|Any CPU.Build.0 = Debug|Any CPU
		{7BD215C6-F817-4C65-B1FA-1587515ADA97}.Release|Any CPU.ActiveCfg = Release|Any CPU
		{7BD215C6-F817-4C65-B1FA-1587515ADA97}.Release|Any CPU.Build.0 = Release|Any CPU
		{E8ACB882-C7BF-4B60-8E74-C56F6C56818F}.Debug|Any CPU.ActiveCfg = Debug|Any CPU
		{E8ACB882-C7BF-4B60-8E74-C56F6C56818F}.Debug|Any CPU.Build.0 = Debug|Any CPU
		{E8ACB882-C7BF-4B60-8E74-C56F6C56818F}.Release|Any CPU.ActiveCfg = Release|Any CPU
		{E8ACB882-C7BF-4B60-8E74-C56F6C56818F}.Release|Any CPU.Build.0 = Release|Any CPU
		{F77874C9-8051-41E5-922E-27F00C9CD462}.Debug|Any CPU.ActiveCfg = Debug|Any CPU
		{F77874C9-8051-41E5-922E-27F00C9CD462}.Debug|Any CPU.Build.0 = Debug|Any CPU
		{F77874C9-8051-41E5-922E-27F00C9CD462}.Release|Any CPU.ActiveCfg = Release|Any CPU
		{F77874C9-8051-41E5-922E-27F00C9CD462}.Release|Any CPU.Build.0 = Release|Any CPU
		{49CC9BE2-BF23-4BB6-8AD8-293552B036FA}.Debug|Any CPU.ActiveCfg = Debug|Any CPU
		{49CC9BE2-BF23-4BB6-8AD8-293552B036FA}.Debug|Any CPU.Build.0 = Debug|Any CPU
		{49CC9BE2-BF23-4BB6-8AD8-293552B036FA}.Release|Any CPU.ActiveCfg = Release|Any CPU
		{49CC9BE2-BF23-4BB6-8AD8-293552B036FA}.Release|Any CPU.Build.0 = Release|Any CPU
		{AB9319BD-D0CD-4991-BE29-30733230601F}.Debug|Any CPU.ActiveCfg = Debug|Any CPU
		{AB9319BD-D0CD-4991-BE29-30733230601F}.Debug|Any CPU.Build.0 = Debug|Any CPU
		{AB9319BD-D0CD-4991-BE29-30733230601F}.Release|Any CPU.ActiveCfg = Release|Any CPU
		{AB9319BD-D0CD-4991-BE29-30733230601F}.Release|Any CPU.Build.0 = Release|Any CPU
		{378B20F3-C3B2-4594-96A6-2360AB950D95}.Debug|Any CPU.ActiveCfg = Debug|Any CPU
		{378B20F3-C3B2-4594-96A6-2360AB950D95}.Debug|Any CPU.Build.0 = Debug|Any CPU
		{378B20F3-C3B2-4594-96A6-2360AB950D95}.Release|Any CPU.ActiveCfg = Release|Any CPU
		{378B20F3-C3B2-4594-96A6-2360AB950D95}.Release|Any CPU.Build.0 = Release|Any CPU
		{65B03A2B-BCF5-494E-A87C-DD4AC2D4F286}.Debug|Any CPU.ActiveCfg = Debug|Any CPU
		{65B03A2B-BCF5-494E-A87C-DD4AC2D4F286}.Debug|Any CPU.Build.0 = Debug|Any CPU
		{65B03A2B-BCF5-494E-A87C-DD4AC2D4F286}.Release|Any CPU.ActiveCfg = Release|Any CPU
		{65B03A2B-BCF5-494E-A87C-DD4AC2D4F286}.Release|Any CPU.Build.0 = Release|Any CPU
		{48651C2C-D0A4-4E38-8512-977181B5CAC9}.Debug|Any CPU.ActiveCfg = Debug|Any CPU
		{48651C2C-D0A4-4E38-8512-977181B5CAC9}.Debug|Any CPU.Build.0 = Debug|Any CPU
		{48651C2C-D0A4-4E38-8512-977181B5CAC9}.Release|Any CPU.ActiveCfg = Release|Any CPU
		{48651C2C-D0A4-4E38-8512-977181B5CAC9}.Release|Any CPU.Build.0 = Release|Any CPU
		{027E1B9D-FB92-41CD-8595-B10064EEAA77}.Debug|Any CPU.ActiveCfg = Debug|Any CPU
		{027E1B9D-FB92-41CD-8595-B10064EEAA77}.Debug|Any CPU.Build.0 = Debug|Any CPU
		{027E1B9D-FB92-41CD-8595-B10064EEAA77}.Release|Any CPU.ActiveCfg = Release|Any CPU
		{027E1B9D-FB92-41CD-8595-B10064EEAA77}.Release|Any CPU.Build.0 = Release|Any CPU
		{528B0417-AAD9-40A9-9156-D0C5F0395A98}.Debug|Any CPU.ActiveCfg = Debug|Any CPU
		{528B0417-AAD9-40A9-9156-D0C5F0395A98}.Debug|Any CPU.Build.0 = Debug|Any CPU
		{528B0417-AAD9-40A9-9156-D0C5F0395A98}.Release|Any CPU.ActiveCfg = Release|Any CPU
		{528B0417-AAD9-40A9-9156-D0C5F0395A98}.Release|Any CPU.Build.0 = Release|Any CPU
		{3D964B64-1047-43FD-A020-6C7FF0DEB831}.Debug|Any CPU.ActiveCfg = Debug|Any CPU
		{3D964B64-1047-43FD-A020-6C7FF0DEB831}.Debug|Any CPU.Build.0 = Debug|Any CPU
		{3D964B64-1047-43FD-A020-6C7FF0DEB831}.Release|Any CPU.ActiveCfg = Release|Any CPU
		{3D964B64-1047-43FD-A020-6C7FF0DEB831}.Release|Any CPU.Build.0 = Release|Any CPU
		{E789F312-B629-40DC-9058-26FAE5F277E1}.Debug|Any CPU.ActiveCfg = Debug|Any CPU
		{E789F312-B629-40DC-9058-26FAE5F277E1}.Debug|Any CPU.Build.0 = Debug|Any CPU
		{E789F312-B629-40DC-9058-26FAE5F277E1}.Release|Any CPU.ActiveCfg = Release|Any CPU
		{E789F312-B629-40DC-9058-26FAE5F277E1}.Release|Any CPU.Build.0 = Release|Any CPU
		{0E3A2374-2845-44B8-9F09-8FE583A7CEDE}.Debug|Any CPU.ActiveCfg = Debug|Any CPU
		{0E3A2374-2845-44B8-9F09-8FE583A7CEDE}.Debug|Any CPU.Build.0 = Debug|Any CPU
		{0E3A2374-2845-44B8-9F09-8FE583A7CEDE}.Release|Any CPU.ActiveCfg = Release|Any CPU
		{0E3A2374-2845-44B8-9F09-8FE583A7CEDE}.Release|Any CPU.Build.0 = Release|Any CPU
		{F4A0F911-C1F7-429A-96D3-F943280BFDD3}.Debug|Any CPU.ActiveCfg = Debug|Any CPU
		{F4A0F911-C1F7-429A-96D3-F943280BFDD3}.Debug|Any CPU.Build.0 = Debug|Any CPU
		{F4A0F911-C1F7-429A-96D3-F943280BFDD3}.Release|Any CPU.ActiveCfg = Release|Any CPU
		{F4A0F911-C1F7-429A-96D3-F943280BFDD3}.Release|Any CPU.Build.0 = Release|Any CPU
		{918F3A83-65F8-414A-9A2C-EB430AF2AD3C}.Debug|Any CPU.ActiveCfg = Debug|Any CPU
		{918F3A83-65F8-414A-9A2C-EB430AF2AD3C}.Debug|Any CPU.Build.0 = Debug|Any CPU
		{918F3A83-65F8-414A-9A2C-EB430AF2AD3C}.Release|Any CPU.ActiveCfg = Release|Any CPU
		{918F3A83-65F8-414A-9A2C-EB430AF2AD3C}.Release|Any CPU.Build.0 = Release|Any CPU
		{DDC2BF66-F543-4549-84F1-B4DDAB34EDDA}.Debug|Any CPU.ActiveCfg = Debug|Any CPU
		{DDC2BF66-F543-4549-84F1-B4DDAB34EDDA}.Debug|Any CPU.Build.0 = Debug|Any CPU
		{DDC2BF66-F543-4549-84F1-B4DDAB34EDDA}.Release|Any CPU.ActiveCfg = Release|Any CPU
		{DDC2BF66-F543-4549-84F1-B4DDAB34EDDA}.Release|Any CPU.Build.0 = Release|Any CPU
		{F444F5CC-D78D-4B8C-8F99-5CD4B57C8902}.Debug|Any CPU.ActiveCfg = Debug|Any CPU
		{F444F5CC-D78D-4B8C-8F99-5CD4B57C8902}.Debug|Any CPU.Build.0 = Debug|Any CPU
		{F444F5CC-D78D-4B8C-8F99-5CD4B57C8902}.Release|Any CPU.ActiveCfg = Release|Any CPU
		{F444F5CC-D78D-4B8C-8F99-5CD4B57C8902}.Release|Any CPU.Build.0 = Release|Any CPU
		{FF11C70A-8F17-4BD1-AA39-48A8E39A93A4}.Debug|Any CPU.ActiveCfg = Debug|Any CPU
		{FF11C70A-8F17-4BD1-AA39-48A8E39A93A4}.Debug|Any CPU.Build.0 = Debug|Any CPU
		{FF11C70A-8F17-4BD1-AA39-48A8E39A93A4}.Release|Any CPU.ActiveCfg = Release|Any CPU
		{FF11C70A-8F17-4BD1-AA39-48A8E39A93A4}.Release|Any CPU.Build.0 = Release|Any CPU
		{ACA320D2-5F60-47A1-9265-590C862EF396}.Debug|Any CPU.ActiveCfg = Debug|Any CPU
		{ACA320D2-5F60-47A1-9265-590C862EF396}.Debug|Any CPU.Build.0 = Debug|Any CPU
		{ACA320D2-5F60-47A1-9265-590C862EF396}.Release|Any CPU.ActiveCfg = Release|Any CPU
		{ACA320D2-5F60-47A1-9265-590C862EF396}.Release|Any CPU.Build.0 = Release|Any CPU
		{7BCDB228-23F6-4F4F-AD74-106F771BF1D4}.Debug|Any CPU.ActiveCfg = Debug|Any CPU
		{7BCDB228-23F6-4F4F-AD74-106F771BF1D4}.Debug|Any CPU.Build.0 = Debug|Any CPU
		{7BCDB228-23F6-4F4F-AD74-106F771BF1D4}.Release|Any CPU.ActiveCfg = Release|Any CPU
		{7BCDB228-23F6-4F4F-AD74-106F771BF1D4}.Release|Any CPU.Build.0 = Release|Any CPU
		{D922A319-1E44-4FBA-9509-518F96C7B481}.Debug|Any CPU.ActiveCfg = Debug|Any CPU
		{D922A319-1E44-4FBA-9509-518F96C7B481}.Debug|Any CPU.Build.0 = Debug|Any CPU
		{D922A319-1E44-4FBA-9509-518F96C7B481}.Release|Any CPU.ActiveCfg = Release|Any CPU
		{D922A319-1E44-4FBA-9509-518F96C7B481}.Release|Any CPU.Build.0 = Release|Any CPU
		{9A67AFB6-CE53-4864-8642-52AE101B945B}.Debug|Any CPU.ActiveCfg = Debug|Any CPU
		{9A67AFB6-CE53-4864-8642-52AE101B945B}.Debug|Any CPU.Build.0 = Debug|Any CPU
		{9A67AFB6-CE53-4864-8642-52AE101B945B}.Release|Any CPU.ActiveCfg = Release|Any CPU
		{9A67AFB6-CE53-4864-8642-52AE101B945B}.Release|Any CPU.Build.0 = Release|Any CPU
		{91A4B6BB-81EF-4FD4-91C5-2850D81E7909}.Debug|Any CPU.ActiveCfg = Debug|Any CPU
		{91A4B6BB-81EF-4FD4-91C5-2850D81E7909}.Debug|Any CPU.Build.0 = Debug|Any CPU
		{91A4B6BB-81EF-4FD4-91C5-2850D81E7909}.Release|Any CPU.ActiveCfg = Release|Any CPU
		{91A4B6BB-81EF-4FD4-91C5-2850D81E7909}.Release|Any CPU.Build.0 = Release|Any CPU
		{5D72870E-440F-4BC2-BC3F-01525F138FA7}.Debug|Any CPU.ActiveCfg = Debug|Any CPU
		{5D72870E-440F-4BC2-BC3F-01525F138FA7}.Debug|Any CPU.Build.0 = Debug|Any CPU
		{5D72870E-440F-4BC2-BC3F-01525F138FA7}.Release|Any CPU.ActiveCfg = Release|Any CPU
		{5D72870E-440F-4BC2-BC3F-01525F138FA7}.Release|Any CPU.Build.0 = Release|Any CPU
		{CC8A0019-9C06-409B-BD66-0E1D2DF9E3C6}.Debug|Any CPU.ActiveCfg = Debug|Any CPU
		{CC8A0019-9C06-409B-BD66-0E1D2DF9E3C6}.Debug|Any CPU.Build.0 = Debug|Any CPU
		{CC8A0019-9C06-409B-BD66-0E1D2DF9E3C6}.Release|Any CPU.ActiveCfg = Release|Any CPU
		{CC8A0019-9C06-409B-BD66-0E1D2DF9E3C6}.Release|Any CPU.Build.0 = Release|Any CPU
		{A8F65F6A-007A-4D25-ADC7-4CC110CCC75A}.Debug|Any CPU.ActiveCfg = Debug|Any CPU
		{A8F65F6A-007A-4D25-ADC7-4CC110CCC75A}.Debug|Any CPU.Build.0 = Debug|Any CPU
		{A8F65F6A-007A-4D25-ADC7-4CC110CCC75A}.Release|Any CPU.ActiveCfg = Release|Any CPU
		{A8F65F6A-007A-4D25-ADC7-4CC110CCC75A}.Release|Any CPU.Build.0 = Release|Any CPU
		{66FED61D-A19C-42A3-B53B-06AC651DCA8D}.Debug|Any CPU.ActiveCfg = Debug|Any CPU
		{66FED61D-A19C-42A3-B53B-06AC651DCA8D}.Debug|Any CPU.Build.0 = Debug|Any CPU
		{66FED61D-A19C-42A3-B53B-06AC651DCA8D}.Release|Any CPU.ActiveCfg = Release|Any CPU
		{66FED61D-A19C-42A3-B53B-06AC651DCA8D}.Release|Any CPU.Build.0 = Release|Any CPU
	EndGlobalSection
	GlobalSection(SolutionProperties) = preSolution
		HideSolutionNode = FALSE
	EndGlobalSection
	GlobalSection(NestedProjects) = preSolution
		{9D6ACB4C-721B-4EB6-9A6C-2A9B9F9E1FD8} = {B509D23F-0D4E-42F9-87F5-50CF5E982A75}
		{AF05447B-3CF5-4473-983B-7908F96C7128} = {B509D23F-0D4E-42F9-87F5-50CF5E982A75}
		{9665286A-F74F-4180-A73C-F427FDF29B2E} = {B509D23F-0D4E-42F9-87F5-50CF5E982A75}
		{E51106FF-3D0B-499F-B9CA-A3A44F37FC13} = {B509D23F-0D4E-42F9-87F5-50CF5E982A75}
		{AD39D297-4420-4044-ACB4-21B22076B213} = {B509D23F-0D4E-42F9-87F5-50CF5E982A75}
		{243CFA03-BB36-421B-9E64-F446C8D6E5B0} = {B509D23F-0D4E-42F9-87F5-50CF5E982A75}
		{12CD0EA7-C30F-4C90-ADB6-DDA567438B8B} = {C718F48B-AB0B-4E32-A531-97F6FEE599DE}
		{40EA3463-4A08-4E2C-938F-5025E87D6CB6} = {C718F48B-AB0B-4E32-A531-97F6FEE599DE}
		{76791481-35E8-41C0-A01C-F0FC66416A20} = {E9A3E23A-FF49-4F03-B801-36CDA9CCCF9C}
		{05E492D3-00B6-475A-BC9E-A22237864C52} = {E9A3E23A-FF49-4F03-B801-36CDA9CCCF9C}
		{8B851D96-DA5D-48E4-9791-F15EB36E7142} = {E9A3E23A-FF49-4F03-B801-36CDA9CCCF9C}
		{D1A02778-ADD3-41CF-B2E4-BA6AA9FACE70} = {E9A3E23A-FF49-4F03-B801-36CDA9CCCF9C}
		{9913FA89-71FC-486A-9B81-43289AA70A55} = {E9A3E23A-FF49-4F03-B801-36CDA9CCCF9C}
		{3E3B6B95-B073-44B9-BF3A-54A7FE172A50} = {B509D23F-0D4E-42F9-87F5-50CF5E982A75}
		{515D26A0-26DD-49DE-A66D-BF4CAD0029E8} = {FA7A6EB6-4E0C-4E59-B024-6E8E94A2117C}
		{9002E338-6029-43C0-99A7-2241E32B5102} = {E9A3E23A-FF49-4F03-B801-36CDA9CCCF9C}
		{E14CC95B-2D0D-4FB5-BE4C-1F717FB59FE6} = {E9A3E23A-FF49-4F03-B801-36CDA9CCCF9C}
		{1BFF38F5-1848-45B1-B84D-1270A25B7675} = {793D1110-C4FD-41A5-9124-6138A5C0B8A7}
		{7FF82162-F86F-411B-98C8-F646BB09A172} = {B509D23F-0D4E-42F9-87F5-50CF5E982A75}
		{98C3517B-2105-430B-90F6-E85D3AC22817} = {E9A3E23A-FF49-4F03-B801-36CDA9CCCF9C}
		{DF200FAA-0808-44AF-B2D6-66DCB041151E} = {B509D23F-0D4E-42F9-87F5-50CF5E982A75}
		{30BE912F-6874-4F11-9094-EF9CF098D16A} = {793D1110-C4FD-41A5-9124-6138A5C0B8A7}
		{6DD11D33-6CD9-4445-8C36-68B8D63BA6DA} = {FA7A6EB6-4E0C-4E59-B024-6E8E94A2117C}
		{7F679E7F-EA49-4EB9-8D6C-16DD131CB3AA} = {FA7A6EB6-4E0C-4E59-B024-6E8E94A2117C}
		{A19343AD-292B-4951-94B4-63A329CBD21B} = {B509D23F-0D4E-42F9-87F5-50CF5E982A75}
		{2E4BC70E-67FF-4728-9799-A4840E617FFA} = {E9A3E23A-FF49-4F03-B801-36CDA9CCCF9C}
		{C741AB50-669D-406F-9D27-B5EF5BDD1294} = {FA7A6EB6-4E0C-4E59-B024-6E8E94A2117C}
		{D88E4112-20CE-4C8D-9998-300BC7C01573} = {793D1110-C4FD-41A5-9124-6138A5C0B8A7}
		{60A8FA6B-7829-45CE-8E0D-4999D1621B89} = {793D1110-C4FD-41A5-9124-6138A5C0B8A7}
		{482A2B54-F27D-4095-8D91-16B9C03C3403} = {FA7A6EB6-4E0C-4E59-B024-6E8E94A2117C}
		{CC01BCBF-871A-48AC-9AA9-19507940CFF3} = {B509D23F-0D4E-42F9-87F5-50CF5E982A75}
		{269D0F0D-AE95-447B-8403-41F28D8DE00C} = {FA7A6EB6-4E0C-4E59-B024-6E8E94A2117C}
		{9A0C08B2-C1FF-4DE5-B9BB-7267D8FA0EE6} = {B509D23F-0D4E-42F9-87F5-50CF5E982A75}
		{665782EB-3D6E-4426-B052-5048334D31C0} = {793D1110-C4FD-41A5-9124-6138A5C0B8A7}
		{22B0F441-5CF7-44CB-BA4F-0F1A25592614} = {FA7A6EB6-4E0C-4E59-B024-6E8E94A2117C}
		{D133A149-3196-4F2C-8B04-A943611F650A} = {793D1110-C4FD-41A5-9124-6138A5C0B8A7}
		{EFDC3079-B1ED-493D-B9DC-55658A84B1A4} = {793D1110-C4FD-41A5-9124-6138A5C0B8A7}
		{95F859B9-118C-4F39-AA04-76901412413E} = {793D1110-C4FD-41A5-9124-6138A5C0B8A7}
		{77A182C0-4E86-469D-986E-9FAFAABCD26E} = {FA7A6EB6-4E0C-4E59-B024-6E8E94A2117C}
		{1C9D7F75-2E04-441E-83D4-00A406809E09} = {FA7A6EB6-4E0C-4E59-B024-6E8E94A2117C}
		{FBED47D0-6A0B-4668-9F10-22E86519CA2D} = {E9A3E23A-FF49-4F03-B801-36CDA9CCCF9C}
		{FDD173FC-2234-4812-90D4-AAD6AB8E20AE} = {793D1110-C4FD-41A5-9124-6138A5C0B8A7}
		{17DE9B14-4ABD-4CF9-9FFE-17F5D6E1A3FD} = {B509D23F-0D4E-42F9-87F5-50CF5E982A75}
		{CAC0CCE5-37DE-4A5D-A645-0F5395B22188} = {793D1110-C4FD-41A5-9124-6138A5C0B8A7}
		{7E0E6B1D-36D4-47C1-B7B6-447E31AF81A6} = {793D1110-C4FD-41A5-9124-6138A5C0B8A7}
		{089E2871-C869-46F5-BE32-20C331B57694} = {793D1110-C4FD-41A5-9124-6138A5C0B8A7}
		{7A12E130-55C3-4498-A11E-E2D5E1EAE860} = {793D1110-C4FD-41A5-9124-6138A5C0B8A7}
		{7B4CA7D1-B77E-411E-999F-279E53D30744} = {793D1110-C4FD-41A5-9124-6138A5C0B8A7}
		{D9DD672A-7AE1-482D-9CAA-B6C6E4777673} = {793D1110-C4FD-41A5-9124-6138A5C0B8A7}
		{17C385CF-F239-4BED-ADEA-8BB3E027A161} = {793D1110-C4FD-41A5-9124-6138A5C0B8A7}
		{D15ADF8E-01E7-4978-8DC2-416A28333803} = {B509D23F-0D4E-42F9-87F5-50CF5E982A75}
		{9E049004-1352-43F3-BE38-BBC2EB83136F} = {B509D23F-0D4E-42F9-87F5-50CF5E982A75}
		{CA68B722-81D8-4BC8-8BE0-D49BFFAEB08E} = {B509D23F-0D4E-42F9-87F5-50CF5E982A75}
		{2B7589A7-81A9-461F-8BF1-1684093E796A} = {793D1110-C4FD-41A5-9124-6138A5C0B8A7}
		{B5B621DD-4445-4CBF-95FB-1C3D16A97611} = {B509D23F-0D4E-42F9-87F5-50CF5E982A75}
		{92407A45-8006-4AA7-95F2-6EED156918A7} = {793D1110-C4FD-41A5-9124-6138A5C0B8A7}
		{9E078594-73AE-4EC1-ABA2-BF8F338FCCD4} = {FA7A6EB6-4E0C-4E59-B024-6E8E94A2117C}
		{5B63CE12-FFC3-497F-94E3-3792CE6EB2A1} = {FA7A6EB6-4E0C-4E59-B024-6E8E94A2117C}
		{BEAD1066-94FC-42FE-B9B3-F1DD707A4A78} = {FA7A6EB6-4E0C-4E59-B024-6E8E94A2117C}
		{EEF5ACB8-AA2F-4C4F-AFBD-24916B85665E} = {FA7A6EB6-4E0C-4E59-B024-6E8E94A2117C}
		{41DBAF83-DC24-4C5E-B43B-C38895D49AA9} = {FA7A6EB6-4E0C-4E59-B024-6E8E94A2117C}
		{7BD215C6-F817-4C65-B1FA-1587515ADA97} = {FA7A6EB6-4E0C-4E59-B024-6E8E94A2117C}
		{E8ACB882-C7BF-4B60-8E74-C56F6C56818F} = {FA7A6EB6-4E0C-4E59-B024-6E8E94A2117C}
		{F77874C9-8051-41E5-922E-27F00C9CD462} = {FA7A6EB6-4E0C-4E59-B024-6E8E94A2117C}
		{49CC9BE2-BF23-4BB6-8AD8-293552B036FA} = {793D1110-C4FD-41A5-9124-6138A5C0B8A7}
		{AB9319BD-D0CD-4991-BE29-30733230601F} = {B509D23F-0D4E-42F9-87F5-50CF5E982A75}
		{378B20F3-C3B2-4594-96A6-2360AB950D95} = {B509D23F-0D4E-42F9-87F5-50CF5E982A75}
		{65B03A2B-BCF5-494E-A87C-DD4AC2D4F286} = {793D1110-C4FD-41A5-9124-6138A5C0B8A7}
		{48651C2C-D0A4-4E38-8512-977181B5CAC9} = {FA7A6EB6-4E0C-4E59-B024-6E8E94A2117C}
		{027E1B9D-FB92-41CD-8595-B10064EEAA77} = {B509D23F-0D4E-42F9-87F5-50CF5E982A75}
		{528B0417-AAD9-40A9-9156-D0C5F0395A98} = {E9A3E23A-FF49-4F03-B801-36CDA9CCCF9C}
		{3D964B64-1047-43FD-A020-6C7FF0DEB831} = {793D1110-C4FD-41A5-9124-6138A5C0B8A7}
		{E789F312-B629-40DC-9058-26FAE5F277E1} = {FA7A6EB6-4E0C-4E59-B024-6E8E94A2117C}
		{0E3A2374-2845-44B8-9F09-8FE583A7CEDE} = {FA7A6EB6-4E0C-4E59-B024-6E8E94A2117C}
		{F4A0F911-C1F7-429A-96D3-F943280BFDD3} = {793D1110-C4FD-41A5-9124-6138A5C0B8A7}
		{918F3A83-65F8-414A-9A2C-EB430AF2AD3C} = {793D1110-C4FD-41A5-9124-6138A5C0B8A7}
		{DDC2BF66-F543-4549-84F1-B4DDAB34EDDA} = {793D1110-C4FD-41A5-9124-6138A5C0B8A7}
		{F444F5CC-D78D-4B8C-8F99-5CD4B57C8902} = {B509D23F-0D4E-42F9-87F5-50CF5E982A75}
		{FF11C70A-8F17-4BD1-AA39-48A8E39A93A4} = {E9A3E23A-FF49-4F03-B801-36CDA9CCCF9C}
		{ACA320D2-5F60-47A1-9265-590C862EF396} = {793D1110-C4FD-41A5-9124-6138A5C0B8A7}
		{7BCDB228-23F6-4F4F-AD74-106F771BF1D4} = {B509D23F-0D4E-42F9-87F5-50CF5E982A75}
		{D922A319-1E44-4FBA-9509-518F96C7B481} = {B509D23F-0D4E-42F9-87F5-50CF5E982A75}
		{9A67AFB6-CE53-4864-8642-52AE101B945B} = {793D1110-C4FD-41A5-9124-6138A5C0B8A7}
		{91A4B6BB-81EF-4FD4-91C5-2850D81E7909} = {793D1110-C4FD-41A5-9124-6138A5C0B8A7}
		{5D72870E-440F-4BC2-BC3F-01525F138FA7} = {793D1110-C4FD-41A5-9124-6138A5C0B8A7}
		{CC8A0019-9C06-409B-BD66-0E1D2DF9E3C6} = {793D1110-C4FD-41A5-9124-6138A5C0B8A7}
		{A8F65F6A-007A-4D25-ADC7-4CC110CCC75A} = {793D1110-C4FD-41A5-9124-6138A5C0B8A7}
		{66FED61D-A19C-42A3-B53B-06AC651DCA8D} = {FA7A6EB6-4E0C-4E59-B024-6E8E94A2117C}
	EndGlobalSection
	GlobalSection(ExtensibilityGlobals) = postSolution
		SolutionGuid = {ED651E5D-29BA-4588-933B-F512BBB01EE3}
	EndGlobalSection
EndGlobal
