
Microsoft Visual Studio Solution File, Format Version 12.00
# Visual Studio 14
VisualStudioVersion = 14.0.25420.1
MinimumVisualStudioVersion = 10.0.40219.1
Project("{FAE04EC0-301F-11D3-BF4B-00C04F79EFBC}") = "Kuriimu", "Kuriimu.csproj", "{7C89FFAF-B638-4577-A1FC-9A783D242428}"
	ProjectSection(ProjectDependencies) = postProject
		{243CFA03-BB36-421B-9E64-F446C8D6E5B0} = {243CFA03-BB36-421B-9E64-F446C8D6E5B0}
		{9D6ACB4C-721B-4EB6-9A6C-2A9B9F9E1FD8} = {9D6ACB4C-721B-4EB6-9A6C-2A9B9F9E1FD8}
		{40EA3463-4A08-4E2C-938F-5025E87D6CB6} = {40EA3463-4A08-4E2C-938F-5025E87D6CB6}
		{9665286A-F74F-4180-A73C-F427FDF29B2E} = {9665286A-F74F-4180-A73C-F427FDF29B2E}
		{AF05447B-3CF5-4473-983B-7908F96C7128} = {AF05447B-3CF5-4473-983B-7908F96C7128}
		{76791481-35E8-41C0-A01C-F0FC66416A20} = {76791481-35E8-41C0-A01C-F0FC66416A20}
		{8B851D96-DA5D-48E4-9791-F15EB36E7142} = {8B851D96-DA5D-48E4-9791-F15EB36E7142}
		{AD39D297-4420-4044-ACB4-21B22076B213} = {AD39D297-4420-4044-ACB4-21B22076B213}
		{12CD0EA7-C30F-4C90-ADB6-DDA567438B8B} = {12CD0EA7-C30F-4C90-ADB6-DDA567438B8B}
		{05E492D3-00B6-475A-BC9E-A22237864C52} = {05E492D3-00B6-475A-BC9E-A22237864C52}
		{E51106FF-3D0B-499F-B9CA-A3A44F37FC13} = {E51106FF-3D0B-499F-B9CA-A3A44F37FC13}
	EndProjectSection
EndProject
Project("{FAE04EC0-301F-11D3-BF4B-00C04F79EFBC}") = "KuriimuContract", "..\KuriimuContract\KuriimuContract.csproj", "{51E474F7-1497-4C30-BC18-C357C884B8B2}"
EndProject
Project("{FAE04EC0-301F-11D3-BF4B-00C04F79EFBC}") = "file_kup", "..\file_kup\file_kup.csproj", "{9D6ACB4C-721B-4EB6-9A6C-2A9B9F9E1FD8}"
EndProject
Project("{FAE04EC0-301F-11D3-BF4B-00C04F79EFBC}") = "file_msbt", "..\file_msbt\file_msbt.csproj", "{AF05447B-3CF5-4473-983B-7908F96C7128}"
EndProject
Project("{FAE04EC0-301F-11D3-BF4B-00C04F79EFBC}") = "file_gmml", "..\file_gmml\file_gmml.csproj", "{9665286A-F74F-4180-A73C-F427FDF29B2E}"
EndProject
Project("{FAE04EC0-301F-11D3-BF4B-00C04F79EFBC}") = "file_gmd", "..\file_gmd\file_gmd.csproj", "{E51106FF-3D0B-499F-B9CA-A3A44F37FC13}"
EndProject
Project("{FAE04EC0-301F-11D3-BF4B-00C04F79EFBC}") = "file_jmsg", "..\file_jmsg\file_jmsg.csproj", "{AD39D297-4420-4044-ACB4-21B22076B213}"
EndProject
Project("{FAE04EC0-301F-11D3-BF4B-00C04F79EFBC}") = "file_btxt", "..\file_btxt\file_btxt.csproj", "{243CFA03-BB36-421B-9E64-F446C8D6E5B0}"
EndProject
Project("{FAE04EC0-301F-11D3-BF4B-00C04F79EFBC}") = "ext_director", "..\ext_director\ext_director.csproj", "{12CD0EA7-C30F-4C90-ADB6-DDA567438B8B}"
EndProject
Project("{FAE04EC0-301F-11D3-BF4B-00C04F79EFBC}") = "ext_fenceposts", "..\ext_fenceposts\ext_fenceposts.csproj", "{40EA3463-4A08-4E2C-938F-5025E87D6CB6}"
EndProject
Project("{FAE04EC0-301F-11D3-BF4B-00C04F79EFBC}") = "game_rocket_slime_3ds", "..\game_rocket_slime_3ds\game_rocket_slime_3ds.csproj", "{76791481-35E8-41C0-A01C-F0FC66416A20}"
EndProject
Project("{FAE04EC0-301F-11D3-BF4B-00C04F79EFBC}") = "game_great_detective_pikachu", "..\game_great_detective_pikachu\game_great_detective_pikachu.csproj", "{05E492D3-00B6-475A-BC9E-A22237864C52}"
EndProject
Project("{FAE04EC0-301F-11D3-BF4B-00C04F79EFBC}") = "runext", "..\runext\runext.csproj", "{22CBC179-CCE1-4C27-AA9D-DC69D9588101}"
	ProjectSection(ProjectDependencies) = postProject
		{51E474F7-1497-4C30-BC18-C357C884B8B2} = {51E474F7-1497-4C30-BC18-C357C884B8B2}
	EndProjectSection
EndProject
Project("{FAE04EC0-301F-11D3-BF4B-00C04F79EFBC}") = "game_maple_story_3ds", "..\game_maple_story_3ds\game_maple_story_3ds.csproj", "{8B851D96-DA5D-48E4-9791-F15EB36E7142}"
EndProject
Project("{FAE04EC0-301F-11D3-BF4B-00C04F79EFBC}") = "Kukkii", "..\Kukkii\Kukkii.csproj", "{DDF760B7-1273-4048-A052-4E396245937B}"
EndProject
Project("{FAE04EC0-301F-11D3-BF4B-00C04F79EFBC}") = "image_bclim", "..\image_bclim\image_bclim.csproj", "{77A182C0-4E86-469D-986E-9FAFAABCD26E}"
EndProject
Project("{FAE04EC0-301F-11D3-BF4B-00C04F79EFBC}") = "image_xi", "..\image_xi\image_xi.csproj", "{1C9D7F75-2E04-441E-83D4-00A406809E09}"
EndProject
Project("{FAE04EC0-301F-11D3-BF4B-00C04F79EFBC}") = "game_time_travelers", "..\game_time_travelers\game_time_travelers.csproj", "{9913FA89-71FC-486A-9B81-43289AA70A55}"
EndProject
Global
	GlobalSection(SolutionConfigurationPlatforms) = preSolution
		Debug|Any CPU = Debug|Any CPU
		Release|Any CPU = Release|Any CPU
	EndGlobalSection
	GlobalSection(ProjectConfigurationPlatforms) = postSolution
		{7C89FFAF-B638-4577-A1FC-9A783D242428}.Debug|Any CPU.ActiveCfg = Debug|Any CPU
		{7C89FFAF-B638-4577-A1FC-9A783D242428}.Debug|Any CPU.Build.0 = Debug|Any CPU
		{7C89FFAF-B638-4577-A1FC-9A783D242428}.Release|Any CPU.ActiveCfg = Release|Any CPU
		{7C89FFAF-B638-4577-A1FC-9A783D242428}.Release|Any CPU.Build.0 = Release|Any CPU
		{51E474F7-1497-4C30-BC18-C357C884B8B2}.Debug|Any CPU.ActiveCfg = Debug|Any CPU
		{51E474F7-1497-4C30-BC18-C357C884B8B2}.Debug|Any CPU.Build.0 = Debug|Any CPU
		{51E474F7-1497-4C30-BC18-C357C884B8B2}.Release|Any CPU.ActiveCfg = Release|Any CPU
		{51E474F7-1497-4C30-BC18-C357C884B8B2}.Release|Any CPU.Build.0 = Release|Any CPU
		{9D6ACB4C-721B-4EB6-9A6C-2A9B9F9E1FD8}.Debug|Any CPU.ActiveCfg = Debug|Any CPU
		{9D6ACB4C-721B-4EB6-9A6C-2A9B9F9E1FD8}.Debug|Any CPU.Build.0 = Debug|Any CPU
		{9D6ACB4C-721B-4EB6-9A6C-2A9B9F9E1FD8}.Release|Any CPU.ActiveCfg = Release|Any CPU
		{9D6ACB4C-721B-4EB6-9A6C-2A9B9F9E1FD8}.Release|Any CPU.Build.0 = Release|Any CPU
		{AF05447B-3CF5-4473-983B-7908F96C7128}.Debug|Any CPU.ActiveCfg = Debug|Any CPU
		{AF05447B-3CF5-4473-983B-7908F96C7128}.Debug|Any CPU.Build.0 = Debug|Any CPU
		{AF05447B-3CF5-4473-983B-7908F96C7128}.Release|Any CPU.ActiveCfg = Release|Any CPU
		{AF05447B-3CF5-4473-983B-7908F96C7128}.Release|Any CPU.Build.0 = Release|Any CPU
		{9665286A-F74F-4180-A73C-F427FDF29B2E}.Debug|Any CPU.ActiveCfg = Debug|Any CPU
		{9665286A-F74F-4180-A73C-F427FDF29B2E}.Debug|Any CPU.Build.0 = Debug|Any CPU
		{9665286A-F74F-4180-A73C-F427FDF29B2E}.Release|Any CPU.ActiveCfg = Release|Any CPU
		{9665286A-F74F-4180-A73C-F427FDF29B2E}.Release|Any CPU.Build.0 = Release|Any CPU
		{E51106FF-3D0B-499F-B9CA-A3A44F37FC13}.Debug|Any CPU.ActiveCfg = Debug|Any CPU
		{E51106FF-3D0B-499F-B9CA-A3A44F37FC13}.Debug|Any CPU.Build.0 = Debug|Any CPU
		{E51106FF-3D0B-499F-B9CA-A3A44F37FC13}.Release|Any CPU.ActiveCfg = Release|Any CPU
		{E51106FF-3D0B-499F-B9CA-A3A44F37FC13}.Release|Any CPU.Build.0 = Release|Any CPU
		{AD39D297-4420-4044-ACB4-21B22076B213}.Debug|Any CPU.ActiveCfg = Debug|Any CPU
		{AD39D297-4420-4044-ACB4-21B22076B213}.Debug|Any CPU.Build.0 = Debug|Any CPU
		{AD39D297-4420-4044-ACB4-21B22076B213}.Release|Any CPU.ActiveCfg = Release|Any CPU
		{AD39D297-4420-4044-ACB4-21B22076B213}.Release|Any CPU.Build.0 = Release|Any CPU
		{243CFA03-BB36-421B-9E64-F446C8D6E5B0}.Debug|Any CPU.ActiveCfg = Debug|Any CPU
		{243CFA03-BB36-421B-9E64-F446C8D6E5B0}.Debug|Any CPU.Build.0 = Debug|Any CPU
		{243CFA03-BB36-421B-9E64-F446C8D6E5B0}.Release|Any CPU.ActiveCfg = Release|Any CPU
		{243CFA03-BB36-421B-9E64-F446C8D6E5B0}.Release|Any CPU.Build.0 = Release|Any CPU
		{12CD0EA7-C30F-4C90-ADB6-DDA567438B8B}.Debug|Any CPU.ActiveCfg = Debug|Any CPU
		{12CD0EA7-C30F-4C90-ADB6-DDA567438B8B}.Debug|Any CPU.Build.0 = Debug|Any CPU
		{12CD0EA7-C30F-4C90-ADB6-DDA567438B8B}.Release|Any CPU.ActiveCfg = Release|Any CPU
		{12CD0EA7-C30F-4C90-ADB6-DDA567438B8B}.Release|Any CPU.Build.0 = Release|Any CPU
		{40EA3463-4A08-4E2C-938F-5025E87D6CB6}.Debug|Any CPU.ActiveCfg = Debug|Any CPU
		{40EA3463-4A08-4E2C-938F-5025E87D6CB6}.Debug|Any CPU.Build.0 = Debug|Any CPU
		{40EA3463-4A08-4E2C-938F-5025E87D6CB6}.Release|Any CPU.ActiveCfg = Release|Any CPU
		{40EA3463-4A08-4E2C-938F-5025E87D6CB6}.Release|Any CPU.Build.0 = Release|Any CPU
		{76791481-35E8-41C0-A01C-F0FC66416A20}.Debug|Any CPU.ActiveCfg = Debug|Any CPU
		{76791481-35E8-41C0-A01C-F0FC66416A20}.Debug|Any CPU.Build.0 = Debug|Any CPU
		{76791481-35E8-41C0-A01C-F0FC66416A20}.Release|Any CPU.ActiveCfg = Release|Any CPU
		{76791481-35E8-41C0-A01C-F0FC66416A20}.Release|Any CPU.Build.0 = Release|Any CPU
		{05E492D3-00B6-475A-BC9E-A22237864C52}.Debug|Any CPU.ActiveCfg = Debug|Any CPU
		{05E492D3-00B6-475A-BC9E-A22237864C52}.Debug|Any CPU.Build.0 = Debug|Any CPU
		{05E492D3-00B6-475A-BC9E-A22237864C52}.Release|Any CPU.ActiveCfg = Release|Any CPU
		{05E492D3-00B6-475A-BC9E-A22237864C52}.Release|Any CPU.Build.0 = Release|Any CPU
		{22CBC179-CCE1-4C27-AA9D-DC69D9588101}.Debug|Any CPU.ActiveCfg = Debug|Any CPU
		{22CBC179-CCE1-4C27-AA9D-DC69D9588101}.Debug|Any CPU.Build.0 = Debug|Any CPU
		{22CBC179-CCE1-4C27-AA9D-DC69D9588101}.Release|Any CPU.ActiveCfg = Release|Any CPU
		{22CBC179-CCE1-4C27-AA9D-DC69D9588101}.Release|Any CPU.Build.0 = Release|Any CPU
		{8B851D96-DA5D-48E4-9791-F15EB36E7142}.Debug|Any CPU.ActiveCfg = Debug|Any CPU
		{8B851D96-DA5D-48E4-9791-F15EB36E7142}.Debug|Any CPU.Build.0 = Debug|Any CPU
		{8B851D96-DA5D-48E4-9791-F15EB36E7142}.Release|Any CPU.ActiveCfg = Release|Any CPU
		{8B851D96-DA5D-48E4-9791-F15EB36E7142}.Release|Any CPU.Build.0 = Release|Any CPU
		{DDF760B7-1273-4048-A052-4E396245937B}.Debug|Any CPU.ActiveCfg = Debug|Any CPU
		{DDF760B7-1273-4048-A052-4E396245937B}.Debug|Any CPU.Build.0 = Debug|Any CPU
		{DDF760B7-1273-4048-A052-4E396245937B}.Release|Any CPU.ActiveCfg = Release|Any CPU
		{DDF760B7-1273-4048-A052-4E396245937B}.Release|Any CPU.Build.0 = Release|Any CPU
		{77A182C0-4E86-469D-986E-9FAFAABCD26E}.Debug|Any CPU.ActiveCfg = Debug|Any CPU
		{77A182C0-4E86-469D-986E-9FAFAABCD26E}.Debug|Any CPU.Build.0 = Debug|Any CPU
		{77A182C0-4E86-469D-986E-9FAFAABCD26E}.Release|Any CPU.ActiveCfg = Release|Any CPU
		{77A182C0-4E86-469D-986E-9FAFAABCD26E}.Release|Any CPU.Build.0 = Release|Any CPU
		{1C9D7F75-2E04-441E-83D4-00A406809E09}.Debug|Any CPU.ActiveCfg = Debug|Any CPU
		{1C9D7F75-2E04-441E-83D4-00A406809E09}.Debug|Any CPU.Build.0 = Debug|Any CPU
		{1C9D7F75-2E04-441E-83D4-00A406809E09}.Release|Any CPU.ActiveCfg = Release|Any CPU
		{1C9D7F75-2E04-441E-83D4-00A406809E09}.Release|Any CPU.Build.0 = Release|Any CPU
		{9913FA89-71FC-486A-9B81-43289AA70A55}.Debug|Any CPU.ActiveCfg = Debug|Any CPU
		{9913FA89-71FC-486A-9B81-43289AA70A55}.Debug|Any CPU.Build.0 = Debug|Any CPU
		{9913FA89-71FC-486A-9B81-43289AA70A55}.Release|Any CPU.ActiveCfg = Release|Any CPU
		{9913FA89-71FC-486A-9B81-43289AA70A55}.Release|Any CPU.Build.0 = Release|Any CPU
	EndGlobalSection
	GlobalSection(SolutionProperties) = preSolution
		HideSolutionNode = FALSE
	EndGlobalSection
EndGlobal
