
Microsoft Visual Studio Solution File, Format Version 12.00
# Visual Studio 14
VisualStudioVersion = 14.0.25420.1
MinimumVisualStudioVersion = 10.0.40219.1
Project("{FAE04EC0-301F-11D3-BF4B-00C04F79EFBC}") = "Kuriimu", "Kuriimu.csproj", "{7C89FFAF-B638-4577-A1FC-9A783D242428}"
	ProjectSection(ProjectDependencies) = postProject
		{243CFA03-BB36-421B-9E64-F446C8D6E5B0} = {243CFA03-BB36-421B-9E64-F446C8D6E5B0}
		{9002E338-6029-43C0-99A7-2241E32B5102} = {9002E338-6029-43C0-99A7-2241E32B5102}
		{9D6ACB4C-721B-4EB6-9A6C-2A9B9F9E1FD8} = {9D6ACB4C-721B-4EB6-9A6C-2A9B9F9E1FD8}
		{E14CC95B-2D0D-4FB5-BE4C-1F717FB59FE6} = {E14CC95B-2D0D-4FB5-BE4C-1F717FB59FE6}
		{7FF82162-F86F-411B-98C8-F646BB09A172} = {7FF82162-F86F-411B-98C8-F646BB09A172}
		{40EA3463-4A08-4E2C-938F-5025E87D6CB6} = {40EA3463-4A08-4E2C-938F-5025E87D6CB6}
		{9665286A-F74F-4180-A73C-F427FDF29B2E} = {9665286A-F74F-4180-A73C-F427FDF29B2E}
		{D1A02778-ADD3-41CF-B2E4-BA6AA9FACE70} = {D1A02778-ADD3-41CF-B2E4-BA6AA9FACE70}
		{AF05447B-3CF5-4473-983B-7908F96C7128} = {AF05447B-3CF5-4473-983B-7908F96C7128}
		{98C3517B-2105-430B-90F6-E85D3AC22817} = {98C3517B-2105-430B-90F6-E85D3AC22817}
		{76791481-35E8-41C0-A01C-F0FC66416A20} = {76791481-35E8-41C0-A01C-F0FC66416A20}
		{9913FA89-71FC-486A-9B81-43289AA70A55} = {9913FA89-71FC-486A-9B81-43289AA70A55}
		{3E3B6B95-B073-44B9-BF3A-54A7FE172A50} = {3E3B6B95-B073-44B9-BF3A-54A7FE172A50}
		{8B851D96-DA5D-48E4-9791-F15EB36E7142} = {8B851D96-DA5D-48E4-9791-F15EB36E7142}
		{AD39D297-4420-4044-ACB4-21B22076B213} = {AD39D297-4420-4044-ACB4-21B22076B213}
		{12CD0EA7-C30F-4C90-ADB6-DDA567438B8B} = {12CD0EA7-C30F-4C90-ADB6-DDA567438B8B}
		{DF200FAA-0808-44AF-B2D6-66DCB041151E} = {DF200FAA-0808-44AF-B2D6-66DCB041151E}
		{948C73AD-D8E8-4A5E-86C9-2D239B74CCE7} = {948C73AD-D8E8-4A5E-86C9-2D239B74CCE7}
		{DDF760B7-1273-4048-A052-4E396245937B} = {DDF760B7-1273-4048-A052-4E396245937B}
		{05E492D3-00B6-475A-BC9E-A22237864C52} = {05E492D3-00B6-475A-BC9E-A22237864C52}
		{E51106FF-3D0B-499F-B9CA-A3A44F37FC13} = {E51106FF-3D0B-499F-B9CA-A3A44F37FC13}
	EndProjectSection
EndProject
Project("{FAE04EC0-301F-11D3-BF4B-00C04F79EFBC}") = "KuriimuContract", "..\KuriimuContract\KuriimuContract.csproj", "{51E474F7-1497-4C30-BC18-C357C884B8B2}"
EndProject
Project("{FAE04EC0-301F-11D3-BF4B-00C04F79EFBC}") = "file_kup", "..\file_kup\file_kup.csproj", "{9D6ACB4C-721B-4EB6-9A6C-2A9B9F9E1FD8}"
EndProject
Project("{FAE04EC0-301F-11D3-BF4B-00C04F79EFBC}") = "file_msbt", "..\file_msbt\file_msbt.csproj", "{AF05447B-3CF5-4473-983B-7908F96C7128}"
EndProject
Project("{FAE04EC0-301F-11D3-BF4B-00C04F79EFBC}") = "file_gmml", "..\file_gmml\file_gmml.csproj", "{9665286A-F74F-4180-A73C-F427FDF29B2E}"
EndProject
Project("{FAE04EC0-301F-11D3-BF4B-00C04F79EFBC}") = "file_gmd", "..\file_gmd\file_gmd.csproj", "{E51106FF-3D0B-499F-B9CA-A3A44F37FC13}"
EndProject
Project("{FAE04EC0-301F-11D3-BF4B-00C04F79EFBC}") = "file_jmsg", "..\file_jmsg\file_jmsg.csproj", "{AD39D297-4420-4044-ACB4-21B22076B213}"
EndProject
Project("{FAE04EC0-301F-11D3-BF4B-00C04F79EFBC}") = "file_btxt", "..\file_btxt\file_btxt.csproj", "{243CFA03-BB36-421B-9E64-F446C8D6E5B0}"
EndProject
Project("{FAE04EC0-301F-11D3-BF4B-00C04F79EFBC}") = "ext_director", "..\ext_director\ext_director.csproj", "{12CD0EA7-C30F-4C90-ADB6-DDA567438B8B}"
EndProject
Project("{FAE04EC0-301F-11D3-BF4B-00C04F79EFBC}") = "ext_fenceposts", "..\ext_fenceposts\ext_fenceposts.csproj", "{40EA3463-4A08-4E2C-938F-5025E87D6CB6}"
EndProject
Project("{FAE04EC0-301F-11D3-BF4B-00C04F79EFBC}") = "game_rocket_slime_3ds", "..\game_rocket_slime_3ds\game_rocket_slime_3ds.csproj", "{76791481-35E8-41C0-A01C-F0FC66416A20}"
EndProject
Project("{FAE04EC0-301F-11D3-BF4B-00C04F79EFBC}") = "game_great_detective_pikachu", "..\game_great_detective_pikachu\game_great_detective_pikachu.csproj", "{05E492D3-00B6-475A-BC9E-A22237864C52}"
EndProject
Project("{FAE04EC0-301F-11D3-BF4B-00C04F79EFBC}") = "runext", "..\runext\runext.csproj", "{22CBC179-CCE1-4C27-AA9D-DC69D9588101}"
	ProjectSection(ProjectDependencies) = postProject
		{51E474F7-1497-4C30-BC18-C357C884B8B2} = {51E474F7-1497-4C30-BC18-C357C884B8B2}
	EndProjectSection
EndProject
Project("{FAE04EC0-301F-11D3-BF4B-00C04F79EFBC}") = "game_maple_story_3ds", "..\game_maple_story_3ds\game_maple_story_3ds.csproj", "{8B851D96-DA5D-48E4-9791-F15EB36E7142}"
EndProject
Project("{FAE04EC0-301F-11D3-BF4B-00C04F79EFBC}") = "Kukkii", "..\Kukkii\Kukkii.csproj", "{DDF760B7-1273-4048-A052-4E396245937B}"
	ProjectSection(ProjectDependencies) = postProject
		{1C9D7F75-2E04-441E-83D4-00A406809E09} = {1C9D7F75-2E04-441E-83D4-00A406809E09}
		{9E078594-73AE-4EC1-ABA2-BF8F338FCCD4} = {9E078594-73AE-4EC1-ABA2-BF8F338FCCD4}
		{515D26A0-26DD-49DE-A66D-BF4CAD0029E8} = {515D26A0-26DD-49DE-A66D-BF4CAD0029E8}
		{77A182C0-4E86-469D-986E-9FAFAABCD26E} = {77A182C0-4E86-469D-986E-9FAFAABCD26E}
		{508881F8-E128-4D4E-A38B-D3E60D8A668E} = {508881F8-E128-4D4E-A38B-D3E60D8A668E}
	EndProjectSection
EndProject
Project("{FAE04EC0-301F-11D3-BF4B-00C04F79EFBC}") = "image_bxlim", "..\image_bxlim\image_bxlim.csproj", "{77A182C0-4E86-469D-986E-9FAFAABCD26E}"
EndProject
Project("{FAE04EC0-301F-11D3-BF4B-00C04F79EFBC}") = "image_xi", "..\image_xi\image_xi.csproj", "{1C9D7F75-2E04-441E-83D4-00A406809E09}"
EndProject
Project("{FAE04EC0-301F-11D3-BF4B-00C04F79EFBC}") = "game_daigasso_band_brothers_p", "..\game_daigasso_band_brothers_p\game_daigasso_band_brothers_p.csproj", "{D1A02778-ADD3-41CF-B2E4-BA6AA9FACE70}"
EndProject
Project("{FAE04EC0-301F-11D3-BF4B-00C04F79EFBC}") = "game_time_travelers", "..\game_time_travelers\game_time_travelers.csproj", "{9913FA89-71FC-486A-9B81-43289AA70A55}"
EndProject
Project("{FAE04EC0-301F-11D3-BF4B-00C04F79EFBC}") = "file_ttbin", "..\file_tt_bin\file_ttbin.csproj", "{3E3B6B95-B073-44B9-BF3A-54A7FE172A50}"
EndProject
Project("{FAE04EC0-301F-11D3-BF4B-00C04F79EFBC}") = "Cetera", "..\Cetera\Cetera\Cetera.csproj", "{948C73AD-D8E8-4A5E-86C9-2D239B74CCE7}"
EndProject
Project("{FAE04EC0-301F-11D3-BF4B-00C04F79EFBC}") = "image_jtex", "..\image_jtex\image_jtex.csproj", "{515D26A0-26DD-49DE-A66D-BF4CAD0029E8}"
EndProject
Project("{FAE04EC0-301F-11D3-BF4B-00C04F79EFBC}") = "game_zelda_a_link_between_worlds", "..\game_zelda_a_link_between_worlds\game_zelda_a_link_between_worlds.csproj", "{9002E338-6029-43C0-99A7-2241E32B5102}"
EndProject
Project("{FAE04EC0-301F-11D3-BF4B-00C04F79EFBC}") = "image_bclyt", "..\image_bclyt\image_bclyt.csproj", "{508881F8-E128-4D4E-A38B-D3E60D8A668E}"
EndProject
Project("{FAE04EC0-301F-11D3-BF4B-00C04F79EFBC}") = "game_miitopia_3ds", "..\game_miitopia_3ds\game_miitopia_3ds.csproj", "{E14CC95B-2D0D-4FB5-BE4C-1F717FB59FE6}"
EndProject
Project("{FAE04EC0-301F-11D3-BF4B-00C04F79EFBC}") = "image_tex", "..\image_tex\image_tex.csproj", "{9E078594-73AE-4EC1-ABA2-BF8F338FCCD4}"
EndProject
Project("{FAE04EC0-301F-11D3-BF4B-00C04F79EFBC}") = "Karameru", "..\Karameru\Karameru.csproj", "{F069B9AB-356C-4ED6-AF84-2EAB83B5D55F}"
	ProjectSection(ProjectDependencies) = postProject
		{EFDC3079-B1ED-493D-B9DC-55658A84B1A4} = {EFDC3079-B1ED-493D-B9DC-55658A84B1A4}
		{948C73AD-D8E8-4A5E-86C9-2D239B74CCE7} = {948C73AD-D8E8-4A5E-86C9-2D239B74CCE7}
		{7360B4B4-A589-4C07-938C-BADAAE4C97D5} = {7360B4B4-A589-4C07-938C-BADAAE4C97D5}
		{95F859B9-118C-4F39-AA04-76901412413E} = {95F859B9-118C-4F39-AA04-76901412413E}
		{1BFF38F5-1848-45B1-B84D-1270A25B7675} = {1BFF38F5-1848-45B1-B84D-1270A25B7675}
	EndProjectSection
EndProject
Project("{FAE04EC0-301F-11D3-BF4B-00C04F79EFBC}") = "archive_dpk", "..\archive_dpk\archive_dpk.csproj", "{1BFF38F5-1848-45B1-B84D-1270A25B7675}"
EndProject
Project("{FAE04EC0-301F-11D3-BF4B-00C04F79EFBC}") = "file_tdt", "..\file_tdt\file_tdt.csproj", "{7FF82162-F86F-411B-98C8-F646BB09A172}"
EndProject
Project("{FAE04EC0-301F-11D3-BF4B-00C04F79EFBC}") = "game_theatrythm_final_fantasy", "..\game_theatrythm_final_fantasy\game_theatrythm_final_fantasy.csproj", "{98C3517B-2105-430B-90F6-E85D3AC22817}"
EndProject
Project("{FAE04EC0-301F-11D3-BF4B-00C04F79EFBC}") = "file_mdt", "..\file_mdt\file_mdt.csproj", "{DF200FAA-0808-44AF-B2D6-66DCB041151E}"
EndProject
Project("{FAE04EC0-301F-11D3-BF4B-00C04F79EFBC}") = "archive_sarc", "..\archive_sarc\archive_sarc.csproj", "{EFDC3079-B1ED-493D-B9DC-55658A84B1A4}"
EndProject
Project("{FAE04EC0-301F-11D3-BF4B-00C04F79EFBC}") = "archive_xpck", "..\archive_xpck\archive_xpck.csproj", "{95F859B9-118C-4F39-AA04-76901412413E}"
EndProject
Project("{FAE04EC0-301F-11D3-BF4B-00C04F79EFBC}") = "archive_pck", "..\archive_pck\archive_pck.csproj", "{7360B4B4-A589-4C07-938C-BADAAE4C97D5}"
EndProject
Global
	GlobalSection(SolutionConfigurationPlatforms) = preSolution
		Debug|Any CPU = Debug|Any CPU
		Release|Any CPU = Release|Any CPU
	EndGlobalSection
	GlobalSection(ProjectConfigurationPlatforms) = postSolution
		{7C89FFAF-B638-4577-A1FC-9A783D242428}.Debug|Any CPU.ActiveCfg = Debug|Any CPU
		{7C89FFAF-B638-4577-A1FC-9A783D242428}.Debug|Any CPU.Build.0 = Debug|Any CPU
		{7C89FFAF-B638-4577-A1FC-9A783D242428}.Release|Any CPU.ActiveCfg = Release|Any CPU
		{7C89FFAF-B638-4577-A1FC-9A783D242428}.Release|Any CPU.Build.0 = Release|Any CPU
		{51E474F7-1497-4C30-BC18-C357C884B8B2}.Debug|Any CPU.ActiveCfg = Debug|Any CPU
		{51E474F7-1497-4C30-BC18-C357C884B8B2}.Debug|Any CPU.Build.0 = Debug|Any CPU
		{51E474F7-1497-4C30-BC18-C357C884B8B2}.Release|Any CPU.ActiveCfg = Release|Any CPU
		{51E474F7-1497-4C30-BC18-C357C884B8B2}.Release|Any CPU.Build.0 = Release|Any CPU
		{9D6ACB4C-721B-4EB6-9A6C-2A9B9F9E1FD8}.Debug|Any CPU.ActiveCfg = Debug|Any CPU
		{9D6ACB4C-721B-4EB6-9A6C-2A9B9F9E1FD8}.Debug|Any CPU.Build.0 = Debug|Any CPU
		{9D6ACB4C-721B-4EB6-9A6C-2A9B9F9E1FD8}.Release|Any CPU.ActiveCfg = Release|Any CPU
		{9D6ACB4C-721B-4EB6-9A6C-2A9B9F9E1FD8}.Release|Any CPU.Build.0 = Release|Any CPU
		{AF05447B-3CF5-4473-983B-7908F96C7128}.Debug|Any CPU.ActiveCfg = Debug|Any CPU
		{AF05447B-3CF5-4473-983B-7908F96C7128}.Debug|Any CPU.Build.0 = Debug|Any CPU
		{AF05447B-3CF5-4473-983B-7908F96C7128}.Release|Any CPU.ActiveCfg = Release|Any CPU
		{AF05447B-3CF5-4473-983B-7908F96C7128}.Release|Any CPU.Build.0 = Release|Any CPU
		{9665286A-F74F-4180-A73C-F427FDF29B2E}.Debug|Any CPU.ActiveCfg = Debug|Any CPU
		{9665286A-F74F-4180-A73C-F427FDF29B2E}.Debug|Any CPU.Build.0 = Debug|Any CPU
		{9665286A-F74F-4180-A73C-F427FDF29B2E}.Release|Any CPU.ActiveCfg = Release|Any CPU
		{9665286A-F74F-4180-A73C-F427FDF29B2E}.Release|Any CPU.Build.0 = Release|Any CPU
		{E51106FF-3D0B-499F-B9CA-A3A44F37FC13}.Debug|Any CPU.ActiveCfg = Debug|Any CPU
		{E51106FF-3D0B-499F-B9CA-A3A44F37FC13}.Debug|Any CPU.Build.0 = Debug|Any CPU
		{E51106FF-3D0B-499F-B9CA-A3A44F37FC13}.Release|Any CPU.ActiveCfg = Release|Any CPU
		{E51106FF-3D0B-499F-B9CA-A3A44F37FC13}.Release|Any CPU.Build.0 = Release|Any CPU
		{AD39D297-4420-4044-ACB4-21B22076B213}.Debug|Any CPU.ActiveCfg = Debug|Any CPU
		{AD39D297-4420-4044-ACB4-21B22076B213}.Debug|Any CPU.Build.0 = Debug|Any CPU
		{AD39D297-4420-4044-ACB4-21B22076B213}.Release|Any CPU.ActiveCfg = Release|Any CPU
		{AD39D297-4420-4044-ACB4-21B22076B213}.Release|Any CPU.Build.0 = Release|Any CPU
		{243CFA03-BB36-421B-9E64-F446C8D6E5B0}.Debug|Any CPU.ActiveCfg = Debug|Any CPU
		{243CFA03-BB36-421B-9E64-F446C8D6E5B0}.Debug|Any CPU.Build.0 = Debug|Any CPU
		{243CFA03-BB36-421B-9E64-F446C8D6E5B0}.Release|Any CPU.ActiveCfg = Release|Any CPU
		{243CFA03-BB36-421B-9E64-F446C8D6E5B0}.Release|Any CPU.Build.0 = Release|Any CPU
		{12CD0EA7-C30F-4C90-ADB6-DDA567438B8B}.Debug|Any CPU.ActiveCfg = Debug|Any CPU
		{12CD0EA7-C30F-4C90-ADB6-DDA567438B8B}.Debug|Any CPU.Build.0 = Debug|Any CPU
		{12CD0EA7-C30F-4C90-ADB6-DDA567438B8B}.Release|Any CPU.ActiveCfg = Release|Any CPU
		{12CD0EA7-C30F-4C90-ADB6-DDA567438B8B}.Release|Any CPU.Build.0 = Release|Any CPU
		{40EA3463-4A08-4E2C-938F-5025E87D6CB6}.Debug|Any CPU.ActiveCfg = Debug|Any CPU
		{40EA3463-4A08-4E2C-938F-5025E87D6CB6}.Debug|Any CPU.Build.0 = Debug|Any CPU
		{40EA3463-4A08-4E2C-938F-5025E87D6CB6}.Release|Any CPU.ActiveCfg = Release|Any CPU
		{40EA3463-4A08-4E2C-938F-5025E87D6CB6}.Release|Any CPU.Build.0 = Release|Any CPU
		{76791481-35E8-41C0-A01C-F0FC66416A20}.Debug|Any CPU.ActiveCfg = Debug|Any CPU
		{76791481-35E8-41C0-A01C-F0FC66416A20}.Debug|Any CPU.Build.0 = Debug|Any CPU
		{76791481-35E8-41C0-A01C-F0FC66416A20}.Release|Any CPU.ActiveCfg = Release|Any CPU
		{76791481-35E8-41C0-A01C-F0FC66416A20}.Release|Any CPU.Build.0 = Release|Any CPU
		{05E492D3-00B6-475A-BC9E-A22237864C52}.Debug|Any CPU.ActiveCfg = Debug|Any CPU
		{05E492D3-00B6-475A-BC9E-A22237864C52}.Debug|Any CPU.Build.0 = Debug|Any CPU
		{05E492D3-00B6-475A-BC9E-A22237864C52}.Release|Any CPU.ActiveCfg = Release|Any CPU
		{05E492D3-00B6-475A-BC9E-A22237864C52}.Release|Any CPU.Build.0 = Release|Any CPU
		{22CBC179-CCE1-4C27-AA9D-DC69D9588101}.Debug|Any CPU.ActiveCfg = Debug|Any CPU
		{22CBC179-CCE1-4C27-AA9D-DC69D9588101}.Debug|Any CPU.Build.0 = Debug|Any CPU
		{22CBC179-CCE1-4C27-AA9D-DC69D9588101}.Release|Any CPU.ActiveCfg = Release|Any CPU
		{22CBC179-CCE1-4C27-AA9D-DC69D9588101}.Release|Any CPU.Build.0 = Release|Any CPU
		{8B851D96-DA5D-48E4-9791-F15EB36E7142}.Debug|Any CPU.ActiveCfg = Debug|Any CPU
		{8B851D96-DA5D-48E4-9791-F15EB36E7142}.Debug|Any CPU.Build.0 = Debug|Any CPU
		{8B851D96-DA5D-48E4-9791-F15EB36E7142}.Release|Any CPU.ActiveCfg = Release|Any CPU
		{8B851D96-DA5D-48E4-9791-F15EB36E7142}.Release|Any CPU.Build.0 = Release|Any CPU
		{DDF760B7-1273-4048-A052-4E396245937B}.Debug|Any CPU.ActiveCfg = Debug|Any CPU
		{DDF760B7-1273-4048-A052-4E396245937B}.Debug|Any CPU.Build.0 = Debug|Any CPU
		{DDF760B7-1273-4048-A052-4E396245937B}.Release|Any CPU.ActiveCfg = Release|Any CPU
		{DDF760B7-1273-4048-A052-4E396245937B}.Release|Any CPU.Build.0 = Release|Any CPU
		{77A182C0-4E86-469D-986E-9FAFAABCD26E}.Debug|Any CPU.ActiveCfg = Debug|Any CPU
		{77A182C0-4E86-469D-986E-9FAFAABCD26E}.Debug|Any CPU.Build.0 = Debug|Any CPU
		{77A182C0-4E86-469D-986E-9FAFAABCD26E}.Release|Any CPU.ActiveCfg = Release|Any CPU
		{77A182C0-4E86-469D-986E-9FAFAABCD26E}.Release|Any CPU.Build.0 = Release|Any CPU
		{1C9D7F75-2E04-441E-83D4-00A406809E09}.Debug|Any CPU.ActiveCfg = Debug|Any CPU
		{1C9D7F75-2E04-441E-83D4-00A406809E09}.Debug|Any CPU.Build.0 = Debug|Any CPU
		{1C9D7F75-2E04-441E-83D4-00A406809E09}.Release|Any CPU.ActiveCfg = Release|Any CPU
		{1C9D7F75-2E04-441E-83D4-00A406809E09}.Release|Any CPU.Build.0 = Release|Any CPU
		{D1A02778-ADD3-41CF-B2E4-BA6AA9FACE70}.Debug|Any CPU.ActiveCfg = Debug|Any CPU
		{D1A02778-ADD3-41CF-B2E4-BA6AA9FACE70}.Debug|Any CPU.Build.0 = Debug|Any CPU
		{D1A02778-ADD3-41CF-B2E4-BA6AA9FACE70}.Release|Any CPU.ActiveCfg = Release|Any CPU
		{D1A02778-ADD3-41CF-B2E4-BA6AA9FACE70}.Release|Any CPU.Build.0 = Release|Any CPU
		{9913FA89-71FC-486A-9B81-43289AA70A55}.Debug|Any CPU.ActiveCfg = Debug|Any CPU
		{9913FA89-71FC-486A-9B81-43289AA70A55}.Debug|Any CPU.Build.0 = Debug|Any CPU
		{9913FA89-71FC-486A-9B81-43289AA70A55}.Release|Any CPU.ActiveCfg = Release|Any CPU
		{9913FA89-71FC-486A-9B81-43289AA70A55}.Release|Any CPU.Build.0 = Release|Any CPU
		{3E3B6B95-B073-44B9-BF3A-54A7FE172A50}.Debug|Any CPU.ActiveCfg = Debug|Any CPU
		{3E3B6B95-B073-44B9-BF3A-54A7FE172A50}.Debug|Any CPU.Build.0 = Debug|Any CPU
		{3E3B6B95-B073-44B9-BF3A-54A7FE172A50}.Release|Any CPU.ActiveCfg = Release|Any CPU
		{3E3B6B95-B073-44B9-BF3A-54A7FE172A50}.Release|Any CPU.Build.0 = Release|Any CPU
		{948C73AD-D8E8-4A5E-86C9-2D239B74CCE7}.Debug|Any CPU.ActiveCfg = Debug|Any CPU
		{948C73AD-D8E8-4A5E-86C9-2D239B74CCE7}.Debug|Any CPU.Build.0 = Debug|Any CPU
		{948C73AD-D8E8-4A5E-86C9-2D239B74CCE7}.Release|Any CPU.ActiveCfg = Release|Any CPU
		{948C73AD-D8E8-4A5E-86C9-2D239B74CCE7}.Release|Any CPU.Build.0 = Release|Any CPU
		{515D26A0-26DD-49DE-A66D-BF4CAD0029E8}.Debug|Any CPU.ActiveCfg = Debug|Any CPU
		{515D26A0-26DD-49DE-A66D-BF4CAD0029E8}.Debug|Any CPU.Build.0 = Debug|Any CPU
		{515D26A0-26DD-49DE-A66D-BF4CAD0029E8}.Release|Any CPU.ActiveCfg = Release|Any CPU
		{515D26A0-26DD-49DE-A66D-BF4CAD0029E8}.Release|Any CPU.Build.0 = Release|Any CPU
		{9002E338-6029-43C0-99A7-2241E32B5102}.Debug|Any CPU.ActiveCfg = Debug|Any CPU
		{9002E338-6029-43C0-99A7-2241E32B5102}.Debug|Any CPU.Build.0 = Debug|Any CPU
		{9002E338-6029-43C0-99A7-2241E32B5102}.Release|Any CPU.ActiveCfg = Release|Any CPU
		{9002E338-6029-43C0-99A7-2241E32B5102}.Release|Any CPU.Build.0 = Release|Any CPU
		{508881F8-E128-4D4E-A38B-D3E60D8A668E}.Debug|Any CPU.ActiveCfg = Debug|Any CPU
		{508881F8-E128-4D4E-A38B-D3E60D8A668E}.Debug|Any CPU.Build.0 = Debug|Any CPU
		{508881F8-E128-4D4E-A38B-D3E60D8A668E}.Release|Any CPU.ActiveCfg = Release|Any CPU
		{508881F8-E128-4D4E-A38B-D3E60D8A668E}.Release|Any CPU.Build.0 = Release|Any CPU
		{E14CC95B-2D0D-4FB5-BE4C-1F717FB59FE6}.Debug|Any CPU.ActiveCfg = Debug|Any CPU
		{E14CC95B-2D0D-4FB5-BE4C-1F717FB59FE6}.Debug|Any CPU.Build.0 = Debug|Any CPU
		{E14CC95B-2D0D-4FB5-BE4C-1F717FB59FE6}.Release|Any CPU.ActiveCfg = Release|Any CPU
		{E14CC95B-2D0D-4FB5-BE4C-1F717FB59FE6}.Release|Any CPU.Build.0 = Release|Any CPU
		{9E078594-73AE-4EC1-ABA2-BF8F338FCCD4}.Debug|Any CPU.ActiveCfg = Debug|Any CPU
		{9E078594-73AE-4EC1-ABA2-BF8F338FCCD4}.Debug|Any CPU.Build.0 = Debug|Any CPU
		{9E078594-73AE-4EC1-ABA2-BF8F338FCCD4}.Release|Any CPU.ActiveCfg = Release|Any CPU
		{9E078594-73AE-4EC1-ABA2-BF8F338FCCD4}.Release|Any CPU.Build.0 = Release|Any CPU
		{F069B9AB-356C-4ED6-AF84-2EAB83B5D55F}.Debug|Any CPU.ActiveCfg = Debug|Any CPU
		{F069B9AB-356C-4ED6-AF84-2EAB83B5D55F}.Debug|Any CPU.Build.0 = Debug|Any CPU
		{F069B9AB-356C-4ED6-AF84-2EAB83B5D55F}.Release|Any CPU.ActiveCfg = Release|Any CPU
		{F069B9AB-356C-4ED6-AF84-2EAB83B5D55F}.Release|Any CPU.Build.0 = Release|Any CPU
		{1BFF38F5-1848-45B1-B84D-1270A25B7675}.Debug|Any CPU.ActiveCfg = Debug|Any CPU
		{1BFF38F5-1848-45B1-B84D-1270A25B7675}.Debug|Any CPU.Build.0 = Debug|Any CPU
		{1BFF38F5-1848-45B1-B84D-1270A25B7675}.Release|Any CPU.ActiveCfg = Release|Any CPU
		{1BFF38F5-1848-45B1-B84D-1270A25B7675}.Release|Any CPU.Build.0 = Release|Any CPU
		{7FF82162-F86F-411B-98C8-F646BB09A172}.Debug|Any CPU.ActiveCfg = Debug|Any CPU
		{7FF82162-F86F-411B-98C8-F646BB09A172}.Debug|Any CPU.Build.0 = Debug|Any CPU
		{7FF82162-F86F-411B-98C8-F646BB09A172}.Release|Any CPU.ActiveCfg = Release|Any CPU
		{7FF82162-F86F-411B-98C8-F646BB09A172}.Release|Any CPU.Build.0 = Release|Any CPU
		{98C3517B-2105-430B-90F6-E85D3AC22817}.Debug|Any CPU.ActiveCfg = Debug|Any CPU
		{98C3517B-2105-430B-90F6-E85D3AC22817}.Debug|Any CPU.Build.0 = Debug|Any CPU
		{98C3517B-2105-430B-90F6-E85D3AC22817}.Release|Any CPU.ActiveCfg = Release|Any CPU
		{98C3517B-2105-430B-90F6-E85D3AC22817}.Release|Any CPU.Build.0 = Release|Any CPU
		{DF200FAA-0808-44AF-B2D6-66DCB041151E}.Debug|Any CPU.ActiveCfg = Debug|Any CPU
		{DF200FAA-0808-44AF-B2D6-66DCB041151E}.Debug|Any CPU.Build.0 = Debug|Any CPU
		{DF200FAA-0808-44AF-B2D6-66DCB041151E}.Release|Any CPU.ActiveCfg = Release|Any CPU
		{DF200FAA-0808-44AF-B2D6-66DCB041151E}.Release|Any CPU.Build.0 = Release|Any CPU
		{EFDC3079-B1ED-493D-B9DC-55658A84B1A4}.Debug|Any CPU.ActiveCfg = Debug|Any CPU
		{EFDC3079-B1ED-493D-B9DC-55658A84B1A4}.Debug|Any CPU.Build.0 = Debug|Any CPU
		{EFDC3079-B1ED-493D-B9DC-55658A84B1A4}.Release|Any CPU.ActiveCfg = Release|Any CPU
		{EFDC3079-B1ED-493D-B9DC-55658A84B1A4}.Release|Any CPU.Build.0 = Release|Any CPU
		{95F859B9-118C-4F39-AA04-76901412413E}.Debug|Any CPU.ActiveCfg = Debug|Any CPU
		{95F859B9-118C-4F39-AA04-76901412413E}.Debug|Any CPU.Build.0 = Debug|Any CPU
		{95F859B9-118C-4F39-AA04-76901412413E}.Release|Any CPU.ActiveCfg = Release|Any CPU
		{95F859B9-118C-4F39-AA04-76901412413E}.Release|Any CPU.Build.0 = Release|Any CPU
		{7360B4B4-A589-4C07-938C-BADAAE4C97D5}.Debug|Any CPU.ActiveCfg = Debug|Any CPU
		{7360B4B4-A589-4C07-938C-BADAAE4C97D5}.Debug|Any CPU.Build.0 = Debug|Any CPU
		{7360B4B4-A589-4C07-938C-BADAAE4C97D5}.Release|Any CPU.ActiveCfg = Release|Any CPU
		{7360B4B4-A589-4C07-938C-BADAAE4C97D5}.Release|Any CPU.Build.0 = Release|Any CPU
	EndGlobalSection
	GlobalSection(SolutionProperties) = preSolution
		HideSolutionNode = FALSE
	EndGlobalSection
EndGlobal
