
Microsoft Visual Studio Solution File, Format Version 12.00
# Visual Studio 14
VisualStudioVersion = 14.0.25420.1
MinimumVisualStudioVersion = 10.0.40219.1
Project("{FAE04EC0-301F-11D3-BF4B-00C04F79EFBC}") = "Kuriimu", "Kuriimu.csproj", "{7C89FFAF-B638-4577-A1FC-9A783D242428}"
	ProjectSection(ProjectDependencies) = postProject
		{9D6ACB4C-721B-4EB6-9A6C-2A9B9F9E1FD8} = {9D6ACB4C-721B-4EB6-9A6C-2A9B9F9E1FD8}
		{40EA3463-4A08-4E2C-938F-5025E87D6CB6} = {40EA3463-4A08-4E2C-938F-5025E87D6CB6}
		{9665286A-F74F-4180-A73C-F427FDF29B2E} = {9665286A-F74F-4180-A73C-F427FDF29B2E}
		{AF05447B-3CF5-4473-983B-7908F96C7128} = {AF05447B-3CF5-4473-983B-7908F96C7128}
		{76791481-35E8-41C0-A01C-F0FC66416A20} = {76791481-35E8-41C0-A01C-F0FC66416A20}
		{AD39D297-4420-4044-ACB4-21B22076B213} = {AD39D297-4420-4044-ACB4-21B22076B213}
		{12CD0EA7-C30F-4C90-ADB6-DDA567438B8B} = {12CD0EA7-C30F-4C90-ADB6-DDA567438B8B}
		{E51106FF-3D0B-499F-B9CA-A3A44F37FC13} = {E51106FF-3D0B-499F-B9CA-A3A44F37FC13}
	EndProjectSection
EndProject
Project("{FAE04EC0-301F-11D3-BF4B-00C04F79EFBC}") = "KuriimuContract", "..\KuriimuContract\KuriimuContract.csproj", "{51E474F7-1497-4C30-BC18-C357C884B8B2}"
EndProject
Project("{FAE04EC0-301F-11D3-BF4B-00C04F79EFBC}") = "file_kup", "..\file_kup\file_kup.csproj", "{9D6ACB4C-721B-4EB6-9A6C-2A9B9F9E1FD8}"
EndProject
Project("{FAE04EC0-301F-11D3-BF4B-00C04F79EFBC}") = "game_rocket_slime_3ds", "..\game_rocket_slime_3ds\game_rocket_slime_3ds.csproj", "{76791481-35E8-41C0-A01C-F0FC66416A20}"
EndProject
Project("{FAE04EC0-301F-11D3-BF4B-00C04F79EFBC}") = "ext_fenceposts", "..\ext_fenceposts\ext_fenceposts.csproj", "{40EA3463-4A08-4E2C-938F-5025E87D6CB6}"
EndProject
Project("{FAE04EC0-301F-11D3-BF4B-00C04F79EFBC}") = "file_msbt", "..\file_msbt\file_msbt.csproj", "{AF05447B-3CF5-4473-983B-7908F96C7128}"
EndProject
Project("{FAE04EC0-301F-11D3-BF4B-00C04F79EFBC}") = "file_gmml", "..\file_gmml\file_gmml.csproj", "{9665286A-F74F-4180-A73C-F427FDF29B2E}"
EndProject
Project("{FAE04EC0-301F-11D3-BF4B-00C04F79EFBC}") = "file_gmd", "..\file_gmd\file_gmd.csproj", "{E51106FF-3D0B-499F-B9CA-A3A44F37FC13}"
EndProject
Project("{FAE04EC0-301F-11D3-BF4B-00C04F79EFBC}") = "file_jmsg", "..\file_jmsg\file_jmsg.csproj", "{AD39D297-4420-4044-ACB4-21B22076B213}"
EndProject
Project("{FAE04EC0-301F-11D3-BF4B-00C04F79EFBC}") = "ext_director", "..\ext_director\ext_director.csproj", "{12CD0EA7-C30F-4C90-ADB6-DDA567438B8B}"
EndProject
Global
	GlobalSection(SolutionConfigurationPlatforms) = preSolution
		Debug|Any CPU = Debug|Any CPU
		Release|Any CPU = Release|Any CPU
	EndGlobalSection
	GlobalSection(ProjectConfigurationPlatforms) = postSolution
		{7C89FFAF-B638-4577-A1FC-9A783D242428}.Debug|Any CPU.ActiveCfg = Debug|Any CPU
		{7C89FFAF-B638-4577-A1FC-9A783D242428}.Debug|Any CPU.Build.0 = Debug|Any CPU
		{7C89FFAF-B638-4577-A1FC-9A783D242428}.Release|Any CPU.ActiveCfg = Release|Any CPU
		{7C89FFAF-B638-4577-A1FC-9A783D242428}.Release|Any CPU.Build.0 = Release|Any CPU
		{51E474F7-1497-4C30-BC18-C357C884B8B2}.Debug|Any CPU.ActiveCfg = Debug|Any CPU
		{51E474F7-1497-4C30-BC18-C357C884B8B2}.Debug|Any CPU.Build.0 = Debug|Any CPU
		{51E474F7-1497-4C30-BC18-C357C884B8B2}.Release|Any CPU.ActiveCfg = Release|Any CPU
		{51E474F7-1497-4C30-BC18-C357C884B8B2}.Release|Any CPU.Build.0 = Release|Any CPU
		{9D6ACB4C-721B-4EB6-9A6C-2A9B9F9E1FD8}.Debug|Any CPU.ActiveCfg = Debug|Any CPU
		{9D6ACB4C-721B-4EB6-9A6C-2A9B9F9E1FD8}.Debug|Any CPU.Build.0 = Debug|Any CPU
		{9D6ACB4C-721B-4EB6-9A6C-2A9B9F9E1FD8}.Release|Any CPU.ActiveCfg = Release|Any CPU
		{9D6ACB4C-721B-4EB6-9A6C-2A9B9F9E1FD8}.Release|Any CPU.Build.0 = Release|Any CPU
		{76791481-35E8-41C0-A01C-F0FC66416A20}.Debug|Any CPU.ActiveCfg = Debug|Any CPU
		{76791481-35E8-41C0-A01C-F0FC66416A20}.Debug|Any CPU.Build.0 = Debug|Any CPU
		{76791481-35E8-41C0-A01C-F0FC66416A20}.Release|Any CPU.ActiveCfg = Release|Any CPU
		{76791481-35E8-41C0-A01C-F0FC66416A20}.Release|Any CPU.Build.0 = Release|Any CPU
		{40EA3463-4A08-4E2C-938F-5025E87D6CB6}.Debug|Any CPU.ActiveCfg = Debug|Any CPU
		{40EA3463-4A08-4E2C-938F-5025E87D6CB6}.Debug|Any CPU.Build.0 = Debug|Any CPU
		{40EA3463-4A08-4E2C-938F-5025E87D6CB6}.Release|Any CPU.ActiveCfg = Release|Any CPU
		{40EA3463-4A08-4E2C-938F-5025E87D6CB6}.Release|Any CPU.Build.0 = Release|Any CPU
		{AF05447B-3CF5-4473-983B-7908F96C7128}.Debug|Any CPU.ActiveCfg = Debug|Any CPU
		{AF05447B-3CF5-4473-983B-7908F96C7128}.Debug|Any CPU.Build.0 = Debug|Any CPU
		{AF05447B-3CF5-4473-983B-7908F96C7128}.Release|Any CPU.ActiveCfg = Release|Any CPU
		{AF05447B-3CF5-4473-983B-7908F96C7128}.Release|Any CPU.Build.0 = Release|Any CPU
		{9665286A-F74F-4180-A73C-F427FDF29B2E}.Debug|Any CPU.ActiveCfg = Debug|Any CPU
		{9665286A-F74F-4180-A73C-F427FDF29B2E}.Debug|Any CPU.Build.0 = Debug|Any CPU
		{9665286A-F74F-4180-A73C-F427FDF29B2E}.Release|Any CPU.ActiveCfg = Release|Any CPU
		{9665286A-F74F-4180-A73C-F427FDF29B2E}.Release|Any CPU.Build.0 = Release|Any CPU
		{E51106FF-3D0B-499F-B9CA-A3A44F37FC13}.Debug|Any CPU.ActiveCfg = Debug|Any CPU
		{E51106FF-3D0B-499F-B9CA-A3A44F37FC13}.Debug|Any CPU.Build.0 = Debug|Any CPU
		{E51106FF-3D0B-499F-B9CA-A3A44F37FC13}.Release|Any CPU.ActiveCfg = Release|Any CPU
		{E51106FF-3D0B-499F-B9CA-A3A44F37FC13}.Release|Any CPU.Build.0 = Release|Any CPU
		{AD39D297-4420-4044-ACB4-21B22076B213}.Debug|Any CPU.ActiveCfg = Debug|Any CPU
		{AD39D297-4420-4044-ACB4-21B22076B213}.Debug|Any CPU.Build.0 = Debug|Any CPU
		{AD39D297-4420-4044-ACB4-21B22076B213}.Release|Any CPU.ActiveCfg = Release|Any CPU
		{AD39D297-4420-4044-ACB4-21B22076B213}.Release|Any CPU.Build.0 = Release|Any CPU
		{12CD0EA7-C30F-4C90-ADB6-DDA567438B8B}.Debug|Any CPU.ActiveCfg = Debug|Any CPU
		{12CD0EA7-C30F-4C90-ADB6-DDA567438B8B}.Debug|Any CPU.Build.0 = Debug|Any CPU
		{12CD0EA7-C30F-4C90-ADB6-DDA567438B8B}.Release|Any CPU.ActiveCfg = Release|Any CPU
		{12CD0EA7-C30F-4C90-ADB6-DDA567438B8B}.Release|Any CPU.Build.0 = Release|Any CPU
	EndGlobalSection
	GlobalSection(SolutionProperties) = preSolution
		HideSolutionNode = FALSE
	EndGlobalSection
EndGlobal
