
Microsoft Visual Studio Solution File, Format Version 12.00
# Visual Studio 14
VisualStudioVersion = 14.0.25420.1
MinimumVisualStudioVersion = 10.0.40219.1
Project("{FAE04EC0-301F-11D3-BF4B-00C04F79EFBC}") = "game_zelda_a_link_between_worlds", "game_zelda_a_link_between_worlds.csproj", "{05E492D3-00B6-475A-BC9E-A22237864C52}"
EndProject
Global
	GlobalSection(SolutionConfigurationPlatforms) = preSolution
		Debug|Any CPU = Debug|Any CPU
		Release|Any CPU = Release|Any CPU
	EndGlobalSection
	GlobalSection(ProjectConfigurationPlatforms) = postSolution
		{05E492D3-00B6-475A-BC9E-A22237864C52}.Debug|Any CPU.ActiveCfg = Debug|Any CPU
		{05E492D3-00B6-475A-BC9E-A22237864C52}.Debug|Any CPU.Build.0 = Debug|Any CPU
		{05E492D3-00B6-475A-BC9E-A22237864C52}.Release|Any CPU.ActiveCfg = Release|Any CPU
		{05E492D3-00B6-475A-BC9E-A22237864C52}.Release|Any CPU.Build.0 = Release|Any CPU
	EndGlobalSection
	GlobalSection(SolutionProperties) = preSolution
		HideSolutionNode = FALSE
	EndGlobalSection
EndGlobal
