
Microsoft Visual Studio Solution File, Format Version 12.00
# Visual Studio 14
VisualStudioVersion = 14.0.25420.1
MinimumVisualStudioVersion = 10.0.40219.1
Project("{FAE04EC0-301F-11D3-BF4B-00C04F79EFBC}") = "image_xi", "image_xi.csproj", "{1C9D7F75-2E04-441E-83D4-00A406809E09}"
EndProject
Project("{FAE04EC0-301F-11D3-BF4B-00C04F79EFBC}") = "KuriimuContract", "..\KuriimuContract\KuriimuContract.csproj", "{51E474F7-1497-4C30-BC18-C357C884B8B2}"
EndProject
Project("{FAE04EC0-301F-11D3-BF4B-00C04F79EFBC}") = "Kuriimu", "..\Kuriimu\Kuriimu.csproj", "{7C89FFAF-B638-4577-A1FC-9A783D242428}"
EndProject
Project("{FAE04EC0-301F-11D3-BF4B-00C04F79EFBC}") = "Kukkii", "..\Kukkii\Kukkii.csproj", "{DDF760B7-1273-4048-A052-4E396245937B}"
EndProject
Project("{FAE04EC0-301F-11D3-BF4B-00C04F79EFBC}") = "image_bclim", "..\image_bclim\image_bclim.csproj", "{77A182C0-4E86-469D-986E-9FAFAABCD26E}"
EndProject
Global
	GlobalSection(SolutionConfigurationPlatforms) = preSolution
		Debug|Any CPU = Debug|Any CPU
		Release|Any CPU = Release|Any CPU
	EndGlobalSection
	GlobalSection(ProjectConfigurationPlatforms) = postSolution
		{1C9D7F75-2E04-441E-83D4-00A406809E09}.Debug|Any CPU.ActiveCfg = Debug|Any CPU
		{1C9D7F75-2E04-441E-83D4-00A406809E09}.Debug|Any CPU.Build.0 = Debug|Any CPU
		{1C9D7F75-2E04-441E-83D4-00A406809E09}.Release|Any CPU.ActiveCfg = Release|Any CPU
		{1C9D7F75-2E04-441E-83D4-00A406809E09}.Release|Any CPU.Build.0 = Release|Any CPU
		{51E474F7-1497-4C30-BC18-C357C884B8B2}.Debug|Any CPU.ActiveCfg = Debug|Any CPU
		{51E474F7-1497-4C30-BC18-C357C884B8B2}.Debug|Any CPU.Build.0 = Debug|Any CPU
		{51E474F7-1497-4C30-BC18-C357C884B8B2}.Release|Any CPU.ActiveCfg = Release|Any CPU
		{51E474F7-1497-4C30-BC18-C357C884B8B2}.Release|Any CPU.Build.0 = Release|Any CPU
		{7C89FFAF-B638-4577-A1FC-9A783D242428}.Debug|Any CPU.ActiveCfg = Debug|Any CPU
		{7C89FFAF-B638-4577-A1FC-9A783D242428}.Debug|Any CPU.Build.0 = Debug|Any CPU
		{7C89FFAF-B638-4577-A1FC-9A783D242428}.Release|Any CPU.ActiveCfg = Release|Any CPU
		{7C89FFAF-B638-4577-A1FC-9A783D242428}.Release|Any CPU.Build.0 = Release|Any CPU
		{DDF760B7-1273-4048-A052-4E396245937B}.Debug|Any CPU.ActiveCfg = Debug|Any CPU
		{DDF760B7-1273-4048-A052-4E396245937B}.Debug|Any CPU.Build.0 = Debug|Any CPU
		{DDF760B7-1273-4048-A052-4E396245937B}.Release|Any CPU.ActiveCfg = Release|Any CPU
		{DDF760B7-1273-4048-A052-4E396245937B}.Release|Any CPU.Build.0 = Release|Any CPU
		{77A182C0-4E86-469D-986E-9FAFAABCD26E}.Debug|Any CPU.ActiveCfg = Debug|Any CPU
		{77A182C0-4E86-469D-986E-9FAFAABCD26E}.Debug|Any CPU.Build.0 = Debug|Any CPU
		{77A182C0-4E86-469D-986E-9FAFAABCD26E}.Release|Any CPU.ActiveCfg = Release|Any CPU
		{77A182C0-4E86-469D-986E-9FAFAABCD26E}.Release|Any CPU.Build.0 = Release|Any CPU
	EndGlobalSection
	GlobalSection(SolutionProperties) = preSolution
		HideSolutionNode = FALSE
	EndGlobalSection
EndGlobal
